// !$*UTF8*$!
{
	archiveVersion = 1;
	classes = {
	};
	objectVersion = 52;
	objects = {

/* Begin PBXBuildFile section */
		1E03D84A2367EB8E001B29D2 /* Kevin Li.png in Resources */ = {isa = PBXBuildFile; fileRef = 1E03D8492367EB8D001B29D2 /* Kevin Li.png */; };
		1E0C0643234E5AD90037C11D /* AssistanceExerciseCellVM.swift in Sources */ = {isa = PBXBuildFile; fileRef = 1E0C0637234E5AD90037C11D /* AssistanceExerciseCellVM.swift */; };
		1E0C0644234E5AD90037C11D /* AssistanceInputCellVM.swift in Sources */ = {isa = PBXBuildFile; fileRef = 1E0C0638234E5AD90037C11D /* AssistanceInputCellVM.swift */; };
		1E0C0645234E5AD90037C11D /* AssistanceExerciseCell.swift in Sources */ = {isa = PBXBuildFile; fileRef = 1E0C063A234E5AD90037C11D /* AssistanceExerciseCell.swift */; };
		1E0C0646234E5AD90037C11D /* AssistanceInputCell.swift in Sources */ = {isa = PBXBuildFile; fileRef = 1E0C063B234E5AD90037C11D /* AssistanceInputCell.swift */; };
		1E0C0647234E5AD90037C11D /* Assistance.swift in Sources */ = {isa = PBXBuildFile; fileRef = 1E0C063D234E5AD90037C11D /* Assistance.swift */; };
		1E0C0648234E5AD90037C11D /* AddExerciseVC.swift in Sources */ = {isa = PBXBuildFile; fileRef = 1E0C063F234E5AD90037C11D /* AddExerciseVC.swift */; };
		1E0C0649234E5AD90037C11D /* AssistanceCatalogController.swift in Sources */ = {isa = PBXBuildFile; fileRef = 1E0C0640234E5AD90037C11D /* AssistanceCatalogController.swift */; };
		1E0C064A234E5AD90037C11D /* AssistanceCatalogVC.swift in Sources */ = {isa = PBXBuildFile; fileRef = 1E0C0641234E5AD90037C11D /* AssistanceCatalogVC.swift */; };
		1E0C0654234E5BEA0037C11D /* UIScrollView+TPKeyboardAvoidingAdditions.m in Sources */ = {isa = PBXBuildFile; fileRef = 1E0C064E234E5BEA0037C11D /* UIScrollView+TPKeyboardAvoidingAdditions.m */; };
		1E0C0655234E5BEA0037C11D /* TPKeyboardAvoidingTableView.m in Sources */ = {isa = PBXBuildFile; fileRef = 1E0C064F234E5BEA0037C11D /* TPKeyboardAvoidingTableView.m */; };
		1E0C0656234E5BEA0037C11D /* TPKeyboardAvoidingScrollView.m in Sources */ = {isa = PBXBuildFile; fileRef = 1E0C0651234E5BEA0037C11D /* TPKeyboardAvoidingScrollView.m */; };
		1E2D1EF3234FF94D00CA353F /* WeekDisplayVM.swift in Sources */ = {isa = PBXBuildFile; fileRef = 1E2D1EF2234FF94D00CA353F /* WeekDisplayVM.swift */; };
		1E6346572350C6F500DA904B /* WeekVC.swift in Sources */ = {isa = PBXBuildFile; fileRef = 1E6346562350C6F500DA904B /* WeekVC.swift */; };
		1E6346592350C70000DA904B /* PrCell.swift in Sources */ = {isa = PBXBuildFile; fileRef = 1E6346582350C70000DA904B /* PrCell.swift */; };
		1E63465B2350C70700DA904B /* SetCell.swift in Sources */ = {isa = PBXBuildFile; fileRef = 1E63465A2350C70700DA904B /* SetCell.swift */; };
		1E63465D2350C7D200DA904B /* WeekController.swift in Sources */ = {isa = PBXBuildFile; fileRef = 1E63465C2350C7D200DA904B /* WeekController.swift */; };
		1E63465F2350C93100DA904B /* WeekListVM.swift in Sources */ = {isa = PBXBuildFile; fileRef = 1E63465E2350C93100DA904B /* WeekListVM.swift */; };
		1E66D34A2347A7B0007F192F /* SetupData.swift in Sources */ = {isa = PBXBuildFile; fileRef = 1E66D3492347A7B0007F192F /* SetupData.swift */; };
		1E68FD312323FA1200631945 /* AppDelegate.swift in Sources */ = {isa = PBXBuildFile; fileRef = 1E68FD302323FA1200631945 /* AppDelegate.swift */; };
		1E68FD332323FA1200631945 /* SetupVC.swift in Sources */ = {isa = PBXBuildFile; fileRef = 1E68FD322323FA1200631945 /* SetupVC.swift */; };
		1E68FD362323FA1200631945 /* Main.storyboard in Resources */ = {isa = PBXBuildFile; fileRef = 1E68FD342323FA1200631945 /* Main.storyboard */; };
		1E68FD382323FA1200631945 /* Assets.xcassets in Resources */ = {isa = PBXBuildFile; fileRef = 1E68FD372323FA1200631945 /* Assets.xcassets */; };
		1E68FD3B2323FA1200631945 /* LaunchScreen.storyboard in Resources */ = {isa = PBXBuildFile; fileRef = 1E68FD392323FA1200631945 /* LaunchScreen.storyboard */; };
		1E6C6A8E234E21DB00144BBA /* ReflectedStringConvertible.swift in Sources */ = {isa = PBXBuildFile; fileRef = 1E6C6A8D234E21DB00144BBA /* ReflectedStringConvertible.swift */; };
		1E747D242348C8E200060423 /* RoundToCellVM.swift in Sources */ = {isa = PBXBuildFile; fileRef = 1E747D232348C8E200060423 /* RoundToCellVM.swift */; };
		1E747D262348C9D200060423 /* EditValueVM.swift in Sources */ = {isa = PBXBuildFile; fileRef = 1E747D252348C9D200060423 /* EditValueVM.swift */; };
		1E747D2A2348CE0000060423 /* CellConfigurable.swift in Sources */ = {isa = PBXBuildFile; fileRef = 1E747D292348CE0000060423 /* CellConfigurable.swift */; };
		1E747D2C2348CEAD00060423 /* RowViewModel.swift in Sources */ = {isa = PBXBuildFile; fileRef = 1E747D2B2348CEAD00060423 /* RowViewModel.swift */; };
		1E747D2E2348D1FF00060423 /* SetupListViewModel.swift in Sources */ = {isa = PBXBuildFile; fileRef = 1E747D2D2348D1FF00060423 /* SetupListViewModel.swift */; };
		1E747D302348D21400060423 /* SectionVM.swift in Sources */ = {isa = PBXBuildFile; fileRef = 1E747D2F2348D21400060423 /* SectionVM.swift */; };
		1E74A7C7234B6F3900677E76 /* AssistanceCellVM.swift in Sources */ = {isa = PBXBuildFile; fileRef = 1E74A7C6234B6F3900677E76 /* AssistanceCellVM.swift */; };
		1E74A7C9234B713000677E76 /* TimerCellVM.swift in Sources */ = {isa = PBXBuildFile; fileRef = 1E74A7C8234B713000677E76 /* TimerCellVM.swift */; };
		1E78720023478B64009A2561 /* SwiftyBeaver in Frameworks */ = {isa = PBXBuildFile; productRef = 1E7871FF23478B64009A2561 /* SwiftyBeaver */; };
		1E79A5972354AFAA00BF5B00 /* Extensions.swift in Sources */ = {isa = PBXBuildFile; fileRef = 1E79A5962354AFAA00BF5B00 /* Extensions.swift */; };
		1E7AD436234A24E5009C141D /* ViewModelPressible.swift in Sources */ = {isa = PBXBuildFile; fileRef = 1E7AD435234A24E5009C141D /* ViewModelPressible.swift */; };
		1E7AD43A234A4443009C141D /* EditValueCell.swift in Sources */ = {isa = PBXBuildFile; fileRef = 1E7AD439234A4443009C141D /* EditValueCell.swift */; };
		1E7AD44F234A779E009C141D /* CycleVC.swift in Sources */ = {isa = PBXBuildFile; fileRef = 1E7AD44E234A779E009C141D /* CycleVC.swift */; };
		1E7AD457234A77C8009C141D /* AssistanceCell.swift in Sources */ = {isa = PBXBuildFile; fileRef = 1E7AD452234A77C8009C141D /* AssistanceCell.swift */; };
		1E7AD458234A77C8009C141D /* TimerCell.swift in Sources */ = {isa = PBXBuildFile; fileRef = 1E7AD453234A77C8009C141D /* TimerCell.swift */; };
		1E7AD45C234A77DC009C141D /* WeekDisplayCell.swift in Sources */ = {isa = PBXBuildFile; fileRef = 1E7AD45B234A77DC009C141D /* WeekDisplayCell.swift */; };
		1E7AD45F234A7A03009C141D /* SettingsData.swift in Sources */ = {isa = PBXBuildFile; fileRef = 1E7AD45E234A7A03009C141D /* SettingsData.swift */; };
		1E7AD463234A7A64009C141D /* SettingsVM.swift in Sources */ = {isa = PBXBuildFile; fileRef = 1E7AD462234A7A64009C141D /* SettingsVM.swift */; };
		1E7AD466234A7B24009C141D /* SettingsVC.swift in Sources */ = {isa = PBXBuildFile; fileRef = 1E7AD465234A7B24009C141D /* SettingsVC.swift */; };
		1E7AD468234A7D53009C141D /* SettingsController.swift in Sources */ = {isa = PBXBuildFile; fileRef = 1E7AD451234A77C8009C141D /* SettingsController.swift */; };
		1E7AD46B234A80A2009C141D /* SetupController.swift in Sources */ = {isa = PBXBuildFile; fileRef = 1E7099822347962B00EC4AA4 /* SetupController.swift */; };
		1E7AD46C234A80AF009C141D /* SavedKeys.swift in Sources */ = {isa = PBXBuildFile; fileRef = 1E7AD469234A7DC3009C141D /* SavedKeys.swift */; };
		1E7AD46F234A8D34009C141D /* TextFieldCell.swift in Sources */ = {isa = PBXBuildFile; fileRef = 1E7AD454234A77C8009C141D /* TextFieldCell.swift */; };
		1E7AD471234A9246009C141D /* SchedulePickerVM.swift in Sources */ = {isa = PBXBuildFile; fileRef = 1E7AD470234A9246009C141D /* SchedulePickerVM.swift */; };
		1E7AD472234A959E009C141D /* DayAndLiftPickerCell.swift in Sources */ = {isa = PBXBuildFile; fileRef = 1E7AD455234A77C8009C141D /* DayAndLiftPickerCell.swift */; };
		1E7BFD7E2346531A00695060 /* SQLite in Frameworks */ = {isa = PBXBuildFile; productRef = 1E7BFD7D2346531A00695060 /* SQLite */; };
		1E7BFD842346759900695060 /* CycleDb.swift in Sources */ = {isa = PBXBuildFile; fileRef = 1E7BFD832346759900695060 /* CycleDb.swift */; };
		1E7F4E7E235893F2004AF2B7 /* LocalNotificationManager.swift in Sources */ = {isa = PBXBuildFile; fileRef = 1E7F4E7D235893F2004AF2B7 /* LocalNotificationManager.swift */; };
		1E7F4E8023589412004AF2B7 /* Notification.swift in Sources */ = {isa = PBXBuildFile; fileRef = 1E7F4E7F23589412004AF2B7 /* Notification.swift */; };
		1E824B6A235361340066DD1B /* TimerVC.swift in Sources */ = {isa = PBXBuildFile; fileRef = 1E824B69235361330066DD1B /* TimerVC.swift */; };
		1E8FC589234FC15F00932C79 /* CycleVM.swift in Sources */ = {isa = PBXBuildFile; fileRef = 1E8FC588234FC15F00932C79 /* CycleVM.swift */; };
		1E8FC58B234FC2AD00932C79 /* CycleController.swift in Sources */ = {isa = PBXBuildFile; fileRef = 1E8FC58A234FC2AD00932C79 /* CycleController.swift */; };
		1E8FC58E234FE89800932C79 /* ProgramPercentages.swift in Sources */ = {isa = PBXBuildFile; fileRef = 1E8FC58D234FE89800932C79 /* ProgramPercentages.swift */; };
		1EB22DC2232C0F0800099FBB /* RoundToCell.swift in Sources */ = {isa = PBXBuildFile; fileRef = 1EB22DC1232C0F0800099FBB /* RoundToCell.swift */; };
		1EB6E86E234E8C450052ED4B /* AddExerciseController.swift in Sources */ = {isa = PBXBuildFile; fileRef = 1EB6E86D234E8C450052ED4B /* AddExerciseController.swift */; };
		1EB6E872234E8CFF0052ED4B /* AssistanceCatalogVM.swift in Sources */ = {isa = PBXBuildFile; fileRef = 1EB6E871234E8CFF0052ED4B /* AssistanceCatalogVM.swift */; };
		1EBCD5DD235363E9004A458D /* AlertConfigurable.swift in Sources */ = {isa = PBXBuildFile; fileRef = 1EBCD5DC235363E9004A458D /* AlertConfigurable.swift */; };
		1EBF0BA3232FC43600502394 /* Lift.swift in Sources */ = {isa = PBXBuildFile; fileRef = 1EBF0BA2232FC43600502394 /* Lift.swift */; };
		1ECCFA1323521DCC00F8AFBB /* WarmupSetVM.swift in Sources */ = {isa = PBXBuildFile; fileRef = 1ECCFA1223521DCC00F8AFBB /* WarmupSetVM.swift */; };
		1ECCFA172352236100F8AFBB /* MainSetVM.swift in Sources */ = {isa = PBXBuildFile; fileRef = 1ECCFA162352236100F8AFBB /* MainSetVM.swift */; };
		1ECCFA192352245600F8AFBB /* BbbSetVM.swift in Sources */ = {isa = PBXBuildFile; fileRef = 1ECCFA182352245600F8AFBB /* BbbSetVM.swift */; };
		1ECCFA1B2352269800F8AFBB /* AssistanceSetVM.swift in Sources */ = {isa = PBXBuildFile; fileRef = 1ECCFA1A2352269800F8AFBB /* AssistanceSetVM.swift */; };
		1ECCFA1E235235E600F8AFBB /* SetViewModel.swift in Sources */ = {isa = PBXBuildFile; fileRef = 1ECCFA1D235235E600F8AFBB /* SetViewModel.swift */; };
		1ECCFA20235236DC00F8AFBB /* SectionSetVM.swift in Sources */ = {isa = PBXBuildFile; fileRef = 1ECCFA1F235236DC00F8AFBB /* SectionSetVM.swift */; };
		1ECCFA22235237DA00F8AFBB /* SetConfigurable.swift in Sources */ = {isa = PBXBuildFile; fileRef = 1ECCFA21235237DA00F8AFBB /* SetConfigurable.swift */; };
		1ED16E20239BEE490012DAA1 /* PersonalRecord.swift in Sources */ = {isa = PBXBuildFile; fileRef = 1ED16E1F239BEE490012DAA1 /* PersonalRecord.swift */; };
/* End PBXBuildFile section */

/* Begin PBXCopyFilesBuildPhase section */
		1E7BFD7B23464F1800695060 /* Embed Frameworks */ = {
			isa = PBXCopyFilesBuildPhase;
			buildActionMask = 2147483647;
			dstPath = "";
			dstSubfolderSpec = 10;
			files = (
			);
			name = "Embed Frameworks";
			runOnlyForDeploymentPostprocessing = 0;
		};
/* End PBXCopyFilesBuildPhase section */

/* Begin PBXFileReference section */
		1E03D8492367EB8D001B29D2 /* Kevin Li.png */ = {isa = PBXFileReference; lastKnownFileType = image.png; path = "Kevin Li.png"; sourceTree = "<group>"; };
		1E0C0637234E5AD90037C11D /* AssistanceExerciseCellVM.swift */ = {isa = PBXFileReference; fileEncoding = 4; lastKnownFileType = sourcecode.swift; path = AssistanceExerciseCellVM.swift; sourceTree = "<group>"; };
		1E0C0638234E5AD90037C11D /* AssistanceInputCellVM.swift */ = {isa = PBXFileReference; fileEncoding = 4; lastKnownFileType = sourcecode.swift; path = AssistanceInputCellVM.swift; sourceTree = "<group>"; };
		1E0C063A234E5AD90037C11D /* AssistanceExerciseCell.swift */ = {isa = PBXFileReference; fileEncoding = 4; lastKnownFileType = sourcecode.swift; path = AssistanceExerciseCell.swift; sourceTree = "<group>"; };
		1E0C063B234E5AD90037C11D /* AssistanceInputCell.swift */ = {isa = PBXFileReference; fileEncoding = 4; lastKnownFileType = sourcecode.swift; path = AssistanceInputCell.swift; sourceTree = "<group>"; };
		1E0C063D234E5AD90037C11D /* Assistance.swift */ = {isa = PBXFileReference; fileEncoding = 4; lastKnownFileType = sourcecode.swift; path = Assistance.swift; sourceTree = "<group>"; };
		1E0C063F234E5AD90037C11D /* AddExerciseVC.swift */ = {isa = PBXFileReference; fileEncoding = 4; lastKnownFileType = sourcecode.swift; path = AddExerciseVC.swift; sourceTree = "<group>"; };
		1E0C0640234E5AD90037C11D /* AssistanceCatalogController.swift */ = {isa = PBXFileReference; fileEncoding = 4; lastKnownFileType = sourcecode.swift; path = AssistanceCatalogController.swift; sourceTree = "<group>"; };
		1E0C0641234E5AD90037C11D /* AssistanceCatalogVC.swift */ = {isa = PBXFileReference; fileEncoding = 4; lastKnownFileType = sourcecode.swift; path = AssistanceCatalogVC.swift; sourceTree = "<group>"; };
		1E0C064D234E5BEA0037C11D /* TPKeyboardAvoidingScrollView.h */ = {isa = PBXFileReference; fileEncoding = 4; lastKnownFileType = sourcecode.c.h; path = TPKeyboardAvoidingScrollView.h; sourceTree = "<group>"; };
		1E0C064E234E5BEA0037C11D /* UIScrollView+TPKeyboardAvoidingAdditions.m */ = {isa = PBXFileReference; fileEncoding = 4; lastKnownFileType = sourcecode.c.objc; path = "UIScrollView+TPKeyboardAvoidingAdditions.m"; sourceTree = "<group>"; };
		1E0C064F234E5BEA0037C11D /* TPKeyboardAvoidingTableView.m */ = {isa = PBXFileReference; fileEncoding = 4; lastKnownFileType = sourcecode.c.objc; path = TPKeyboardAvoidingTableView.m; sourceTree = "<group>"; };
		1E0C0650234E5BEA0037C11D /* iOs531App-Bridging-Header.h */ = {isa = PBXFileReference; fileEncoding = 4; lastKnownFileType = sourcecode.c.h; name = "iOs531App-Bridging-Header.h"; path = "TPKeyboard/iOs531App-Bridging-Header.h"; sourceTree = "<group>"; };
		1E0C0651234E5BEA0037C11D /* TPKeyboardAvoidingScrollView.m */ = {isa = PBXFileReference; fileEncoding = 4; lastKnownFileType = sourcecode.c.objc; path = TPKeyboardAvoidingScrollView.m; sourceTree = "<group>"; };
		1E0C0652234E5BEA0037C11D /* UIScrollView+TPKeyboardAvoidingAdditions.h */ = {isa = PBXFileReference; fileEncoding = 4; lastKnownFileType = sourcecode.c.h; path = "UIScrollView+TPKeyboardAvoidingAdditions.h"; sourceTree = "<group>"; };
		1E0C0653234E5BEA0037C11D /* TPKeyboardAvoidingTableView.h */ = {isa = PBXFileReference; fileEncoding = 4; lastKnownFileType = sourcecode.c.h; path = TPKeyboardAvoidingTableView.h; sourceTree = "<group>"; };
		1E2D1EF2234FF94D00CA353F /* WeekDisplayVM.swift */ = {isa = PBXFileReference; lastKnownFileType = sourcecode.swift; path = WeekDisplayVM.swift; sourceTree = "<group>"; };
		1E6346562350C6F500DA904B /* WeekVC.swift */ = {isa = PBXFileReference; fileEncoding = 4; lastKnownFileType = sourcecode.swift; path = WeekVC.swift; sourceTree = "<group>"; };
		1E6346582350C70000DA904B /* PrCell.swift */ = {isa = PBXFileReference; fileEncoding = 4; lastKnownFileType = sourcecode.swift; path = PrCell.swift; sourceTree = "<group>"; };
		1E63465A2350C70700DA904B /* SetCell.swift */ = {isa = PBXFileReference; fileEncoding = 4; lastKnownFileType = sourcecode.swift; path = SetCell.swift; sourceTree = "<group>"; };
		1E63465C2350C7D200DA904B /* WeekController.swift */ = {isa = PBXFileReference; lastKnownFileType = sourcecode.swift; path = WeekController.swift; sourceTree = "<group>"; };
		1E63465E2350C93100DA904B /* WeekListVM.swift */ = {isa = PBXFileReference; lastKnownFileType = sourcecode.swift; path = WeekListVM.swift; sourceTree = "<group>"; };
		1E66D3492347A7B0007F192F /* SetupData.swift */ = {isa = PBXFileReference; lastKnownFileType = sourcecode.swift; path = SetupData.swift; sourceTree = "<group>"; };
		1E68FD2D2323FA1200631945 /* 531 BBB.app */ = {isa = PBXFileReference; explicitFileType = wrapper.application; includeInIndex = 0; path = "531 BBB.app"; sourceTree = BUILT_PRODUCTS_DIR; };
		1E68FD302323FA1200631945 /* AppDelegate.swift */ = {isa = PBXFileReference; lastKnownFileType = sourcecode.swift; path = AppDelegate.swift; sourceTree = "<group>"; };
		1E68FD322323FA1200631945 /* SetupVC.swift */ = {isa = PBXFileReference; lastKnownFileType = sourcecode.swift; path = SetupVC.swift; sourceTree = "<group>"; };
		1E68FD352323FA1200631945 /* Base */ = {isa = PBXFileReference; lastKnownFileType = file.storyboard; name = Base; path = Base.lproj/Main.storyboard; sourceTree = "<group>"; };
		1E68FD372323FA1200631945 /* Assets.xcassets */ = {isa = PBXFileReference; lastKnownFileType = folder.assetcatalog; path = Assets.xcassets; sourceTree = "<group>"; };
		1E68FD3A2323FA1200631945 /* Base */ = {isa = PBXFileReference; lastKnownFileType = file.storyboard; name = Base; path = Base.lproj/LaunchScreen.storyboard; sourceTree = "<group>"; };
		1E68FD3C2323FA1200631945 /* Info.plist */ = {isa = PBXFileReference; lastKnownFileType = text.plist.xml; path = Info.plist; sourceTree = "<group>"; };
		1E6C6A8D234E21DB00144BBA /* ReflectedStringConvertible.swift */ = {isa = PBXFileReference; lastKnownFileType = sourcecode.swift; path = ReflectedStringConvertible.swift; sourceTree = "<group>"; };
		1E7099822347962B00EC4AA4 /* SetupController.swift */ = {isa = PBXFileReference; lastKnownFileType = sourcecode.swift; path = SetupController.swift; sourceTree = "<group>"; };
		1E747D232348C8E200060423 /* RoundToCellVM.swift */ = {isa = PBXFileReference; lastKnownFileType = sourcecode.swift; path = RoundToCellVM.swift; sourceTree = "<group>"; };
		1E747D252348C9D200060423 /* EditValueVM.swift */ = {isa = PBXFileReference; lastKnownFileType = sourcecode.swift; path = EditValueVM.swift; sourceTree = "<group>"; };
		1E747D292348CE0000060423 /* CellConfigurable.swift */ = {isa = PBXFileReference; lastKnownFileType = sourcecode.swift; path = CellConfigurable.swift; sourceTree = "<group>"; };
		1E747D2B2348CEAD00060423 /* RowViewModel.swift */ = {isa = PBXFileReference; lastKnownFileType = sourcecode.swift; path = RowViewModel.swift; sourceTree = "<group>"; };
		1E747D2D2348D1FF00060423 /* SetupListViewModel.swift */ = {isa = PBXFileReference; lastKnownFileType = sourcecode.swift; path = SetupListViewModel.swift; sourceTree = "<group>"; };
		1E747D2F2348D21400060423 /* SectionVM.swift */ = {isa = PBXFileReference; lastKnownFileType = sourcecode.swift; path = SectionVM.swift; sourceTree = "<group>"; };
		1E74A7C6234B6F3900677E76 /* AssistanceCellVM.swift */ = {isa = PBXFileReference; lastKnownFileType = sourcecode.swift; path = AssistanceCellVM.swift; sourceTree = "<group>"; };
		1E74A7C8234B713000677E76 /* TimerCellVM.swift */ = {isa = PBXFileReference; lastKnownFileType = sourcecode.swift; path = TimerCellVM.swift; sourceTree = "<group>"; };
		1E79A5962354AFAA00BF5B00 /* Extensions.swift */ = {isa = PBXFileReference; fileEncoding = 4; lastKnownFileType = sourcecode.swift; path = Extensions.swift; sourceTree = "<group>"; };
		1E7AD435234A24E5009C141D /* ViewModelPressible.swift */ = {isa = PBXFileReference; lastKnownFileType = sourcecode.swift; path = ViewModelPressible.swift; sourceTree = "<group>"; };
		1E7AD439234A4443009C141D /* EditValueCell.swift */ = {isa = PBXFileReference; lastKnownFileType = sourcecode.swift; path = EditValueCell.swift; sourceTree = "<group>"; };
		1E7AD44E234A779E009C141D /* CycleVC.swift */ = {isa = PBXFileReference; fileEncoding = 4; lastKnownFileType = sourcecode.swift; name = CycleVC.swift; path = iOs531App/Main/Controllers/CycleVC.swift; sourceTree = SOURCE_ROOT; };
		1E7AD451234A77C8009C141D /* SettingsController.swift */ = {isa = PBXFileReference; fileEncoding = 4; lastKnownFileType = sourcecode.swift; path = SettingsController.swift; sourceTree = "<group>"; };
		1E7AD452234A77C8009C141D /* AssistanceCell.swift */ = {isa = PBXFileReference; fileEncoding = 4; lastKnownFileType = sourcecode.swift; path = AssistanceCell.swift; sourceTree = "<group>"; };
		1E7AD453234A77C8009C141D /* TimerCell.swift */ = {isa = PBXFileReference; fileEncoding = 4; lastKnownFileType = sourcecode.swift; path = TimerCell.swift; sourceTree = "<group>"; };
		1E7AD454234A77C8009C141D /* TextFieldCell.swift */ = {isa = PBXFileReference; fileEncoding = 4; lastKnownFileType = sourcecode.swift; path = TextFieldCell.swift; sourceTree = "<group>"; };
		1E7AD455234A77C8009C141D /* DayAndLiftPickerCell.swift */ = {isa = PBXFileReference; fileEncoding = 4; lastKnownFileType = sourcecode.swift; path = DayAndLiftPickerCell.swift; sourceTree = "<group>"; };
		1E7AD45B234A77DC009C141D /* WeekDisplayCell.swift */ = {isa = PBXFileReference; fileEncoding = 4; lastKnownFileType = sourcecode.swift; name = WeekDisplayCell.swift; path = iOs531App/Main/Cells/WeekDisplayCell.swift; sourceTree = SOURCE_ROOT; };
		1E7AD45E234A7A03009C141D /* SettingsData.swift */ = {isa = PBXFileReference; lastKnownFileType = sourcecode.swift; path = SettingsData.swift; sourceTree = "<group>"; };
		1E7AD462234A7A64009C141D /* SettingsVM.swift */ = {isa = PBXFileReference; lastKnownFileType = sourcecode.swift; path = SettingsVM.swift; sourceTree = "<group>"; };
		1E7AD465234A7B24009C141D /* SettingsVC.swift */ = {isa = PBXFileReference; lastKnownFileType = sourcecode.swift; path = SettingsVC.swift; sourceTree = "<group>"; };
		1E7AD469234A7DC3009C141D /* SavedKeys.swift */ = {isa = PBXFileReference; lastKnownFileType = sourcecode.swift; path = SavedKeys.swift; sourceTree = "<group>"; };
		1E7AD470234A9246009C141D /* SchedulePickerVM.swift */ = {isa = PBXFileReference; lastKnownFileType = sourcecode.swift; path = SchedulePickerVM.swift; sourceTree = "<group>"; };
		1E7BFD832346759900695060 /* CycleDb.swift */ = {isa = PBXFileReference; lastKnownFileType = sourcecode.swift; path = CycleDb.swift; sourceTree = "<group>"; };
		1E7F4E7D235893F2004AF2B7 /* LocalNotificationManager.swift */ = {isa = PBXFileReference; lastKnownFileType = sourcecode.swift; path = LocalNotificationManager.swift; sourceTree = "<group>"; };
		1E7F4E7F23589412004AF2B7 /* Notification.swift */ = {isa = PBXFileReference; lastKnownFileType = sourcecode.swift; path = Notification.swift; sourceTree = "<group>"; };
		1E824B69235361330066DD1B /* TimerVC.swift */ = {isa = PBXFileReference; fileEncoding = 4; lastKnownFileType = sourcecode.swift; path = TimerVC.swift; sourceTree = "<group>"; };
		1E8FC588234FC15F00932C79 /* CycleVM.swift */ = {isa = PBXFileReference; lastKnownFileType = sourcecode.swift; path = CycleVM.swift; sourceTree = "<group>"; };
		1E8FC58A234FC2AD00932C79 /* CycleController.swift */ = {isa = PBXFileReference; lastKnownFileType = sourcecode.swift; path = CycleController.swift; sourceTree = "<group>"; };
		1E8FC58D234FE89800932C79 /* ProgramPercentages.swift */ = {isa = PBXFileReference; lastKnownFileType = sourcecode.swift; path = ProgramPercentages.swift; sourceTree = "<group>"; };
		1EB22DC1232C0F0800099FBB /* RoundToCell.swift */ = {isa = PBXFileReference; lastKnownFileType = sourcecode.swift; path = RoundToCell.swift; sourceTree = "<group>"; };
		1EB6E86D234E8C450052ED4B /* AddExerciseController.swift */ = {isa = PBXFileReference; lastKnownFileType = sourcecode.swift; path = AddExerciseController.swift; sourceTree = "<group>"; };
		1EB6E871234E8CFF0052ED4B /* AssistanceCatalogVM.swift */ = {isa = PBXFileReference; fileEncoding = 4; lastKnownFileType = sourcecode.swift; path = AssistanceCatalogVM.swift; sourceTree = "<group>"; };
		1EBCD5DC235363E9004A458D /* AlertConfigurable.swift */ = {isa = PBXFileReference; lastKnownFileType = sourcecode.swift; path = AlertConfigurable.swift; sourceTree = "<group>"; };
		1EBF0BA2232FC43600502394 /* Lift.swift */ = {isa = PBXFileReference; lastKnownFileType = sourcecode.swift; path = Lift.swift; sourceTree = "<group>"; };
		1ECCFA1223521DCC00F8AFBB /* WarmupSetVM.swift */ = {isa = PBXFileReference; lastKnownFileType = sourcecode.swift; path = WarmupSetVM.swift; sourceTree = "<group>"; };
		1ECCFA162352236100F8AFBB /* MainSetVM.swift */ = {isa = PBXFileReference; lastKnownFileType = sourcecode.swift; path = MainSetVM.swift; sourceTree = "<group>"; };
		1ECCFA182352245600F8AFBB /* BbbSetVM.swift */ = {isa = PBXFileReference; lastKnownFileType = sourcecode.swift; path = BbbSetVM.swift; sourceTree = "<group>"; };
		1ECCFA1A2352269800F8AFBB /* AssistanceSetVM.swift */ = {isa = PBXFileReference; lastKnownFileType = sourcecode.swift; path = AssistanceSetVM.swift; sourceTree = "<group>"; };
		1ECCFA1D235235E600F8AFBB /* SetViewModel.swift */ = {isa = PBXFileReference; lastKnownFileType = sourcecode.swift; path = SetViewModel.swift; sourceTree = "<group>"; };
		1ECCFA1F235236DC00F8AFBB /* SectionSetVM.swift */ = {isa = PBXFileReference; lastKnownFileType = sourcecode.swift; path = SectionSetVM.swift; sourceTree = "<group>"; };
		1ECCFA21235237DA00F8AFBB /* SetConfigurable.swift */ = {isa = PBXFileReference; lastKnownFileType = sourcecode.swift; path = SetConfigurable.swift; sourceTree = "<group>"; };
		1ED16E1F239BEE490012DAA1 /* PersonalRecord.swift */ = {isa = PBXFileReference; lastKnownFileType = sourcecode.swift; path = PersonalRecord.swift; sourceTree = "<group>"; };
/* End PBXFileReference section */

/* Begin PBXFrameworksBuildPhase section */
		1E68FD2A2323FA1200631945 /* Frameworks */ = {
			isa = PBXFrameworksBuildPhase;
			buildActionMask = 2147483647;
			files = (
				1E7BFD7E2346531A00695060 /* SQLite in Frameworks */,
				1E78720023478B64009A2561 /* SwiftyBeaver in Frameworks */,
			);
			runOnlyForDeploymentPostprocessing = 0;
		};
/* End PBXFrameworksBuildPhase section */

/* Begin PBXGroup section */
		1E0C0634234E5AD90037C11D /* Popover */ = {
			isa = PBXGroup;
			children = (
				1E0C0635234E5AD90037C11D /* Viewmodels */,
				1E0C0639234E5AD90037C11D /* Cells */,
				1E0C063C234E5AD90037C11D /* Model */,
				1E0C063E234E5AD90037C11D /* Controllers */,
			);
			path = Popover;
			sourceTree = "<group>";
		};
		1E0C0635234E5AD90037C11D /* Viewmodels */ = {
			isa = PBXGroup;
			children = (
				1EB6E871234E8CFF0052ED4B /* AssistanceCatalogVM.swift */,
				1E0C0637234E5AD90037C11D /* AssistanceExerciseCellVM.swift */,
				1E0C0638234E5AD90037C11D /* AssistanceInputCellVM.swift */,
			);
			path = Viewmodels;
			sourceTree = "<group>";
		};
		1E0C0639234E5AD90037C11D /* Cells */ = {
			isa = PBXGroup;
			children = (
				1E0C063A234E5AD90037C11D /* AssistanceExerciseCell.swift */,
				1E0C063B234E5AD90037C11D /* AssistanceInputCell.swift */,
			);
			path = Cells;
			sourceTree = "<group>";
		};
		1E0C063C234E5AD90037C11D /* Model */ = {
			isa = PBXGroup;
			children = (
				1E0C063D234E5AD90037C11D /* Assistance.swift */,
			);
			path = Model;
			sourceTree = "<group>";
		};
		1E0C063E234E5AD90037C11D /* Controllers */ = {
			isa = PBXGroup;
			children = (
				1E0C063F234E5AD90037C11D /* AddExerciseVC.swift */,
				1EB6E86D234E8C450052ED4B /* AddExerciseController.swift */,
				1E0C0641234E5AD90037C11D /* AssistanceCatalogVC.swift */,
				1E0C0640234E5AD90037C11D /* AssistanceCatalogController.swift */,
			);
			path = Controllers;
			sourceTree = "<group>";
		};
		1E0C064C234E5BEA0037C11D /* TPKeyboard */ = {
			isa = PBXGroup;
			children = (
				1E0C064D234E5BEA0037C11D /* TPKeyboardAvoidingScrollView.h */,
				1E0C064E234E5BEA0037C11D /* UIScrollView+TPKeyboardAvoidingAdditions.m */,
				1E0C064F234E5BEA0037C11D /* TPKeyboardAvoidingTableView.m */,
				1E0C0651234E5BEA0037C11D /* TPKeyboardAvoidingScrollView.m */,
				1E0C0652234E5BEA0037C11D /* UIScrollView+TPKeyboardAvoidingAdditions.h */,
				1E0C0653234E5BEA0037C11D /* TPKeyboardAvoidingTableView.h */,
			);
			path = TPKeyboard;
			sourceTree = "<group>";
		};
		1E68FD242323FA1200631945 = {
			isa = PBXGroup;
			children = (
				1E68FD2F2323FA1200631945 /* iOs531App */,
				1E68FD2E2323FA1200631945 /* Products */,
				1E7BFD7823464F1800695060 /* Frameworks */,
			);
			sourceTree = "<group>";
		};
		1E68FD2E2323FA1200631945 /* Products */ = {
			isa = PBXGroup;
			children = (
				1E68FD2D2323FA1200631945 /* 531 BBB.app */,
			);
			name = Products;
			sourceTree = "<group>";
		};
		1E68FD2F2323FA1200631945 /* iOs531App */ = {
			isa = PBXGroup;
			children = (
				1E7F4E7C235893E6004AF2B7 /* Notifications */,
				1E7AD440234A511A009C141D /* AppDelegate */,
				1E824B68235361330066DD1B /* Timer */,
				1E7AD441234A514F009C141D /* Main */,
				1E0C0634234E5AD90037C11D /* Popover */,
				1E7AD450234A77C8009C141D /* Settings */,
				1EBF0B9E232F9F5500502394 /* Setup */,
				1E7099842347979400EC4AA4 /* Model */,
				1E0C0650234E5BEA0037C11D /* iOs531App-Bridging-Header.h */,
				1E0C064C234E5BEA0037C11D /* TPKeyboard */,
				1E68FD342323FA1200631945 /* Main.storyboard */,
				1E68FD372323FA1200631945 /* Assets.xcassets */,
				1E68FD392323FA1200631945 /* LaunchScreen.storyboard */,
				1E03D8492367EB8D001B29D2 /* Kevin Li.png */,
				1E68FD3C2323FA1200631945 /* Info.plist */,
			);
			path = iOs531App;
			sourceTree = "<group>";
		};
		1E7099842347979400EC4AA4 /* Model */ = {
			isa = PBXGroup;
			children = (
				1E79A5962354AFAA00BF5B00 /* Extensions.swift */,
				1EBF0BA2232FC43600502394 /* Lift.swift */,
				1E7BFD832346759900695060 /* CycleDb.swift */,
				1E7AD469234A7DC3009C141D /* SavedKeys.swift */,
				1E6C6A8D234E21DB00144BBA /* ReflectedStringConvertible.swift */,
				1ED16E1F239BEE490012DAA1 /* PersonalRecord.swift */,
			);
			path = Model;
			sourceTree = "<group>";
		};
		1E7AD43B234A50A5009C141D /* Viewmodels */ = {
			isa = PBXGroup;
			children = (
				1E747D2F2348D21400060423 /* SectionVM.swift */,
				1E747D232348C8E200060423 /* RoundToCellVM.swift */,
				1E747D252348C9D200060423 /* EditValueVM.swift */,
				1E747D2D2348D1FF00060423 /* SetupListViewModel.swift */,
			);
			path = Viewmodels;
			sourceTree = "<group>";
		};
		1E7AD43C234A50C5009C141D /* Protocols */ = {
			isa = PBXGroup;
			children = (
				1E747D292348CE0000060423 /* CellConfigurable.swift */,
				1E7AD435234A24E5009C141D /* ViewModelPressible.swift */,
				1E747D2B2348CEAD00060423 /* RowViewModel.swift */,
			);
			path = Protocols;
			sourceTree = "<group>";
		};
		1E7AD43D234A50E4009C141D /* Cells */ = {
			isa = PBXGroup;
			children = (
				1EB22DC1232C0F0800099FBB /* RoundToCell.swift */,
				1E7AD439234A4443009C141D /* EditValueCell.swift */,
			);
			path = Cells;
			sourceTree = "<group>";
		};
		1E7AD43E234A50F2009C141D /* Controllers */ = {
			isa = PBXGroup;
			children = (
				1E7099822347962B00EC4AA4 /* SetupController.swift */,
				1E68FD322323FA1200631945 /* SetupVC.swift */,
			);
			path = Controllers;
			sourceTree = "<group>";
		};
		1E7AD43F234A50FC009C141D /* Data */ = {
			isa = PBXGroup;
			children = (
				1E66D3492347A7B0007F192F /* SetupData.swift */,
			);
			path = Data;
			sourceTree = "<group>";
		};
		1E7AD440234A511A009C141D /* AppDelegate */ = {
			isa = PBXGroup;
			children = (
				1E68FD302323FA1200631945 /* AppDelegate.swift */,
			);
			path = AppDelegate;
			sourceTree = "<group>";
		};
		1E7AD441234A514F009C141D /* Main */ = {
			isa = PBXGroup;
			children = (
				1ECCFA1C235229E900F8AFBB /* Protocols */,
				1E8FC58C234FE88B00932C79 /* Model */,
				1E8FC587234FC12A00932C79 /* Cells */,
				1E8FC586234FC0BC00932C79 /* Controllers */,
				1E8FC585234FC0B100932C79 /* Viewmodels */,
			);
			path = Main;
			sourceTree = "<group>";
		};
		1E7AD450234A77C8009C141D /* Settings */ = {
			isa = PBXGroup;
			children = (
				1E7AD464234A7A75009C141D /* Controllers */,
				1E7AD461234A7A18009C141D /* Viewmodels */,
				1E7AD460234A7A0E009C141D /* Cells */,
				1E7AD45D234A79F3009C141D /* Data */,
			);
			path = Settings;
			sourceTree = "<group>";
		};
		1E7AD45D234A79F3009C141D /* Data */ = {
			isa = PBXGroup;
			children = (
				1E7AD45E234A7A03009C141D /* SettingsData.swift */,
			);
			path = Data;
			sourceTree = "<group>";
		};
		1E7AD460234A7A0E009C141D /* Cells */ = {
			isa = PBXGroup;
			children = (
				1E7AD454234A77C8009C141D /* TextFieldCell.swift */,
				1E7AD455234A77C8009C141D /* DayAndLiftPickerCell.swift */,
				1E7AD452234A77C8009C141D /* AssistanceCell.swift */,
				1E7AD453234A77C8009C141D /* TimerCell.swift */,
			);
			path = Cells;
			sourceTree = "<group>";
		};
		1E7AD461234A7A18009C141D /* Viewmodels */ = {
			isa = PBXGroup;
			children = (
				1E7AD462234A7A64009C141D /* SettingsVM.swift */,
				1E7AD470234A9246009C141D /* SchedulePickerVM.swift */,
				1E74A7C6234B6F3900677E76 /* AssistanceCellVM.swift */,
				1E74A7C8234B713000677E76 /* TimerCellVM.swift */,
			);
			path = Viewmodels;
			sourceTree = "<group>";
		};
		1E7AD464234A7A75009C141D /* Controllers */ = {
			isa = PBXGroup;
			children = (
				1E7AD451234A77C8009C141D /* SettingsController.swift */,
				1E7AD465234A7B24009C141D /* SettingsVC.swift */,
			);
			path = Controllers;
			sourceTree = "<group>";
		};
		1E7BFD7823464F1800695060 /* Frameworks */ = {
			isa = PBXGroup;
			children = (
			);
			name = Frameworks;
			sourceTree = "<group>";
		};
		1E7F4E7C235893E6004AF2B7 /* Notifications */ = {
			isa = PBXGroup;
			children = (
				1E7F4E7D235893F2004AF2B7 /* LocalNotificationManager.swift */,
				1E7F4E7F23589412004AF2B7 /* Notification.swift */,
			);
			path = Notifications;
			sourceTree = "<group>";
		};
		1E824B68235361330066DD1B /* Timer */ = {
			isa = PBXGroup;
			children = (
				1E824B69235361330066DD1B /* TimerVC.swift */,
			);
			path = Timer;
			sourceTree = "<group>";
		};
		1E8FC585234FC0B100932C79 /* Viewmodels */ = {
			isa = PBXGroup;
			children = (
				1E8FC588234FC15F00932C79 /* CycleVM.swift */,
				1E63465E2350C93100DA904B /* WeekListVM.swift */,
				1ECCFA1F235236DC00F8AFBB /* SectionSetVM.swift */,
				1E2D1EF2234FF94D00CA353F /* WeekDisplayVM.swift */,
				1ECCFA1223521DCC00F8AFBB /* WarmupSetVM.swift */,
				1ECCFA162352236100F8AFBB /* MainSetVM.swift */,
				1ECCFA182352245600F8AFBB /* BbbSetVM.swift */,
				1ECCFA1A2352269800F8AFBB /* AssistanceSetVM.swift */,
			);
			path = Viewmodels;
			sourceTree = "<group>";
		};
		1E8FC586234FC0BC00932C79 /* Controllers */ = {
			isa = PBXGroup;
			children = (
				1E7AD44E234A779E009C141D /* CycleVC.swift */,
				1E8FC58A234FC2AD00932C79 /* CycleController.swift */,
				1E6346562350C6F500DA904B /* WeekVC.swift */,
				1E63465C2350C7D200DA904B /* WeekController.swift */,
			);
			path = Controllers;
			sourceTree = "<group>";
		};
		1E8FC587234FC12A00932C79 /* Cells */ = {
			isa = PBXGroup;
			children = (
				1E7AD45B234A77DC009C141D /* WeekDisplayCell.swift */,
				1E6346582350C70000DA904B /* PrCell.swift */,
				1E63465A2350C70700DA904B /* SetCell.swift */,
			);
			path = Cells;
			sourceTree = "<group>";
		};
		1E8FC58C234FE88B00932C79 /* Model */ = {
			isa = PBXGroup;
			children = (
				1E8FC58D234FE89800932C79 /* ProgramPercentages.swift */,
			);
			path = Model;
			sourceTree = "<group>";
		};
		1EBF0B9E232F9F5500502394 /* Setup */ = {
			isa = PBXGroup;
			children = (
				1E7AD43F234A50FC009C141D /* Data */,
				1E7AD43E234A50F2009C141D /* Controllers */,
				1E7AD43D234A50E4009C141D /* Cells */,
				1E7AD43C234A50C5009C141D /* Protocols */,
				1E7AD43B234A50A5009C141D /* Viewmodels */,
			);
			path = Setup;
			sourceTree = "<group>";
		};
		1ECCFA1C235229E900F8AFBB /* Protocols */ = {
			isa = PBXGroup;
			children = (
				1ECCFA1D235235E600F8AFBB /* SetViewModel.swift */,
				1ECCFA21235237DA00F8AFBB /* SetConfigurable.swift */,
				1EBCD5DC235363E9004A458D /* AlertConfigurable.swift */,
			);
			path = Protocols;
			sourceTree = "<group>";
		};
/* End PBXGroup section */

/* Begin PBXNativeTarget section */
		1E68FD2C2323FA1200631945 /* iOs531App */ = {
			isa = PBXNativeTarget;
			buildConfigurationList = 1E68FD4A2323FA1200631945 /* Build configuration list for PBXNativeTarget "iOs531App" */;
			buildPhases = (
				1E68FD292323FA1200631945 /* Sources */,
				1E68FD2A2323FA1200631945 /* Frameworks */,
				1E68FD2B2323FA1200631945 /* Resources */,
				1E7BFD7B23464F1800695060 /* Embed Frameworks */,
			);
			buildRules = (
			);
			dependencies = (
			);
			name = iOs531App;
			packageProductDependencies = (
				1E7BFD7D2346531A00695060 /* SQLite */,
				1E7871FF23478B64009A2561 /* SwiftyBeaver */,
			);
			productName = iOs531App;
			productReference = 1E68FD2D2323FA1200631945 /* 531 BBB.app */;
			productType = "com.apple.product-type.application";
		};
/* End PBXNativeTarget section */

/* Begin PBXProject section */
		1E68FD252323FA1200631945 /* Project object */ = {
			isa = PBXProject;
			attributes = {
				LastSwiftUpdateCheck = 1100;
				LastUpgradeCheck = 1030;
				ORGANIZATIONNAME = "Kevin Li";
				TargetAttributes = {
					1E68FD2C2323FA1200631945 = {
						CreatedOnToolsVersion = 10.3;
						LastSwiftMigration = 1100;
					};
				};
			};
			buildConfigurationList = 1E68FD282323FA1200631945 /* Build configuration list for PBXProject "iOs531App" */;
			compatibilityVersion = "Xcode 9.3";
			developmentRegion = en;
			hasScannedForEncodings = 0;
			knownRegions = (
				en,
				Base,
			);
			mainGroup = 1E68FD242323FA1200631945;
			packageReferences = (
				1E7BFD7C2346531A00695060 /* XCRemoteSwiftPackageReference "SQLite" */,
				1E7871FE23478B64009A2561 /* XCRemoteSwiftPackageReference "SwiftyBeaver" */,
			);
			productRefGroup = 1E68FD2E2323FA1200631945 /* Products */;
			projectDirPath = "";
			projectRoot = "";
			targets = (
				1E68FD2C2323FA1200631945 /* iOs531App */,
			);
		};
/* End PBXProject section */

/* Begin PBXResourcesBuildPhase section */
		1E68FD2B2323FA1200631945 /* Resources */ = {
			isa = PBXResourcesBuildPhase;
			buildActionMask = 2147483647;
			files = (
				1E68FD3B2323FA1200631945 /* LaunchScreen.storyboard in Resources */,
				1E03D84A2367EB8E001B29D2 /* Kevin Li.png in Resources */,
				1E68FD382323FA1200631945 /* Assets.xcassets in Resources */,
				1E68FD362323FA1200631945 /* Main.storyboard in Resources */,
			);
			runOnlyForDeploymentPostprocessing = 0;
		};
/* End PBXResourcesBuildPhase section */

/* Begin PBXSourcesBuildPhase section */
		1E68FD292323FA1200631945 /* Sources */ = {
			isa = PBXSourcesBuildPhase;
			buildActionMask = 2147483647;
			files = (
				1E74A7C9234B713000677E76 /* TimerCellVM.swift in Sources */,
				1E747D2C2348CEAD00060423 /* RowViewModel.swift in Sources */,
				1E7AD43A234A4443009C141D /* EditValueCell.swift in Sources */,
				1ECCFA1323521DCC00F8AFBB /* WarmupSetVM.swift in Sources */,
				1ECCFA192352245600F8AFBB /* BbbSetVM.swift in Sources */,
				1ECCFA172352236100F8AFBB /* MainSetVM.swift in Sources */,
				1E747D2E2348D1FF00060423 /* SetupListViewModel.swift in Sources */,
				1E8FC58B234FC2AD00932C79 /* CycleController.swift in Sources */,
				1E0C0648234E5AD90037C11D /* AddExerciseVC.swift in Sources */,
				1E7AD46B234A80A2009C141D /* SetupController.swift in Sources */,
				1E0C0645234E5AD90037C11D /* AssistanceExerciseCell.swift in Sources */,
				1E7AD45F234A7A03009C141D /* SettingsData.swift in Sources */,
				1E747D2A2348CE0000060423 /* CellConfigurable.swift in Sources */,
				1ECCFA1B2352269800F8AFBB /* AssistanceSetVM.swift in Sources */,
				1E74A7C7234B6F3900677E76 /* AssistanceCellVM.swift in Sources */,
				1E7AD436234A24E5009C141D /* ViewModelPressible.swift in Sources */,
				1E68FD332323FA1200631945 /* SetupVC.swift in Sources */,
				1E7AD45C234A77DC009C141D /* WeekDisplayCell.swift in Sources */,
				1EBF0BA3232FC43600502394 /* Lift.swift in Sources */,
				1E79A5972354AFAA00BF5B00 /* Extensions.swift in Sources */,
				1E7F4E8023589412004AF2B7 /* Notification.swift in Sources */,
				1EB6E86E234E8C450052ED4B /* AddExerciseController.swift in Sources */,
				1E0C0644234E5AD90037C11D /* AssistanceInputCellVM.swift in Sources */,
				1E7AD463234A7A64009C141D /* SettingsVM.swift in Sources */,
				1E0C0647234E5AD90037C11D /* Assistance.swift in Sources */,
				1E7BFD842346759900695060 /* CycleDb.swift in Sources */,
				1E2D1EF3234FF94D00CA353F /* WeekDisplayVM.swift in Sources */,
				1E7AD44F234A779E009C141D /* CycleVC.swift in Sources */,
				1E7AD468234A7D53009C141D /* SettingsController.swift in Sources */,
				1E0C0656234E5BEA0037C11D /* TPKeyboardAvoidingScrollView.m in Sources */,
				1E747D262348C9D200060423 /* EditValueVM.swift in Sources */,
				1E68FD312323FA1200631945 /* AppDelegate.swift in Sources */,
				1E63465F2350C93100DA904B /* WeekListVM.swift in Sources */,
				1E747D302348D21400060423 /* SectionVM.swift in Sources */,
				1E0C0655234E5BEA0037C11D /* TPKeyboardAvoidingTableView.m in Sources */,
				1ECCFA20235236DC00F8AFBB /* SectionSetVM.swift in Sources */,
				1E747D242348C8E200060423 /* RoundToCellVM.swift in Sources */,
				1E0C064A234E5AD90037C11D /* AssistanceCatalogVC.swift in Sources */,
				1E0C0646234E5AD90037C11D /* AssistanceInputCell.swift in Sources */,
				1E6C6A8E234E21DB00144BBA /* ReflectedStringConvertible.swift in Sources */,
				1E7AD472234A959E009C141D /* DayAndLiftPickerCell.swift in Sources */,
				1E0C0654234E5BEA0037C11D /* UIScrollView+TPKeyboardAvoidingAdditions.m in Sources */,
				1EBCD5DD235363E9004A458D /* AlertConfigurable.swift in Sources */,
				1E7F4E7E235893F2004AF2B7 /* LocalNotificationManager.swift in Sources */,
				1E7AD471234A9246009C141D /* SchedulePickerVM.swift in Sources */,
				1E7AD46C234A80AF009C141D /* SavedKeys.swift in Sources */,
				1E7AD46F234A8D34009C141D /* TextFieldCell.swift in Sources */,
				1E8FC589234FC15F00932C79 /* CycleVM.swift in Sources */,
				1E63465D2350C7D200DA904B /* WeekController.swift in Sources */,
				1EB6E872234E8CFF0052ED4B /* AssistanceCatalogVM.swift in Sources */,
				1E824B6A235361340066DD1B /* TimerVC.swift in Sources */,
				1ECCFA1E235235E600F8AFBB /* SetViewModel.swift in Sources */,
				1E7AD458234A77C8009C141D /* TimerCell.swift in Sources */,
				1E63465B2350C70700DA904B /* SetCell.swift in Sources */,
				1ED16E20239BEE490012DAA1 /* PersonalRecord.swift in Sources */,
				1EB22DC2232C0F0800099FBB /* RoundToCell.swift in Sources */,
				1E6346592350C70000DA904B /* PrCell.swift in Sources */,
				1ECCFA22235237DA00F8AFBB /* SetConfigurable.swift in Sources */,
				1E0C0649234E5AD90037C11D /* AssistanceCatalogController.swift in Sources */,
				1E66D34A2347A7B0007F192F /* SetupData.swift in Sources */,
				1E8FC58E234FE89800932C79 /* ProgramPercentages.swift in Sources */,
				1E6346572350C6F500DA904B /* WeekVC.swift in Sources */,
				1E7AD466234A7B24009C141D /* SettingsVC.swift in Sources */,
				1E0C0643234E5AD90037C11D /* AssistanceExerciseCellVM.swift in Sources */,
				1E7AD457234A77C8009C141D /* AssistanceCell.swift in Sources */,
			);
			runOnlyForDeploymentPostprocessing = 0;
		};
/* End PBXSourcesBuildPhase section */

/* Begin PBXVariantGroup section */
		1E68FD342323FA1200631945 /* Main.storyboard */ = {
			isa = PBXVariantGroup;
			children = (
				1E68FD352323FA1200631945 /* Base */,
			);
			name = Main.storyboard;
			sourceTree = "<group>";
		};
		1E68FD392323FA1200631945 /* LaunchScreen.storyboard */ = {
			isa = PBXVariantGroup;
			children = (
				1E68FD3A2323FA1200631945 /* Base */,
			);
			name = LaunchScreen.storyboard;
			sourceTree = "<group>";
		};
/* End PBXVariantGroup section */

/* Begin XCBuildConfiguration section */
		1E68FD482323FA1200631945 /* Debug */ = {
			isa = XCBuildConfiguration;
			buildSettings = {
				ALWAYS_SEARCH_USER_PATHS = NO;
				CLANG_ANALYZER_NONNULL = YES;
				CLANG_ANALYZER_NUMBER_OBJECT_CONVERSION = YES_AGGRESSIVE;
				CLANG_CXX_LANGUAGE_STANDARD = "gnu++14";
				CLANG_CXX_LIBRARY = "libc++";
				CLANG_ENABLE_MODULES = YES;
				CLANG_ENABLE_OBJC_ARC = YES;
				CLANG_ENABLE_OBJC_WEAK = YES;
				CLANG_WARN_BLOCK_CAPTURE_AUTORELEASING = YES;
				CLANG_WARN_BOOL_CONVERSION = YES;
				CLANG_WARN_COMMA = YES;
				CLANG_WARN_CONSTANT_CONVERSION = YES;
				CLANG_WARN_DEPRECATED_OBJC_IMPLEMENTATIONS = YES;
				CLANG_WARN_DIRECT_OBJC_ISA_USAGE = YES_ERROR;
				CLANG_WARN_DOCUMENTATION_COMMENTS = YES;
				CLANG_WARN_EMPTY_BODY = YES;
				CLANG_WARN_ENUM_CONVERSION = YES;
				CLANG_WARN_INFINITE_RECURSION = YES;
				CLANG_WARN_INT_CONVERSION = YES;
				CLANG_WARN_NON_LITERAL_NULL_CONVERSION = YES;
				CLANG_WARN_OBJC_IMPLICIT_RETAIN_SELF = YES;
				CLANG_WARN_OBJC_LITERAL_CONVERSION = YES;
				CLANG_WARN_OBJC_ROOT_CLASS = YES_ERROR;
				CLANG_WARN_RANGE_LOOP_ANALYSIS = YES;
				CLANG_WARN_STRICT_PROTOTYPES = YES;
				CLANG_WARN_SUSPICIOUS_MOVE = YES;
				CLANG_WARN_UNGUARDED_AVAILABILITY = YES_AGGRESSIVE;
				CLANG_WARN_UNREACHABLE_CODE = YES;
				CLANG_WARN__DUPLICATE_METHOD_MATCH = YES;
				CODE_SIGN_IDENTITY = "iPhone Developer";
				COPY_PHASE_STRIP = NO;
				DEBUG_INFORMATION_FORMAT = dwarf;
				ENABLE_STRICT_OBJC_MSGSEND = YES;
				ENABLE_TESTABILITY = YES;
				GCC_C_LANGUAGE_STANDARD = gnu11;
				GCC_DYNAMIC_NO_PIC = NO;
				GCC_NO_COMMON_BLOCKS = YES;
				GCC_OPTIMIZATION_LEVEL = 0;
				GCC_PREPROCESSOR_DEFINITIONS = (
					"DEBUG=1",
					"$(inherited)",
				);
				GCC_WARN_64_TO_32_BIT_CONVERSION = YES;
				GCC_WARN_ABOUT_RETURN_TYPE = YES_ERROR;
				GCC_WARN_UNDECLARED_SELECTOR = YES;
				GCC_WARN_UNINITIALIZED_AUTOS = YES_AGGRESSIVE;
				GCC_WARN_UNUSED_FUNCTION = YES;
				GCC_WARN_UNUSED_VARIABLE = YES;
				IPHONEOS_DEPLOYMENT_TARGET = 12.4;
				MTL_ENABLE_DEBUG_INFO = INCLUDE_SOURCE;
				MTL_FAST_MATH = YES;
				ONLY_ACTIVE_ARCH = YES;
				SDKROOT = iphoneos;
				SWIFT_ACTIVE_COMPILATION_CONDITIONS = DEBUG;
				SWIFT_OPTIMIZATION_LEVEL = "-Onone";
			};
			name = Debug;
		};
		1E68FD492323FA1200631945 /* Release */ = {
			isa = XCBuildConfiguration;
			buildSettings = {
				ALWAYS_SEARCH_USER_PATHS = NO;
				CLANG_ANALYZER_NONNULL = YES;
				CLANG_ANALYZER_NUMBER_OBJECT_CONVERSION = YES_AGGRESSIVE;
				CLANG_CXX_LANGUAGE_STANDARD = "gnu++14";
				CLANG_CXX_LIBRARY = "libc++";
				CLANG_ENABLE_MODULES = YES;
				CLANG_ENABLE_OBJC_ARC = YES;
				CLANG_ENABLE_OBJC_WEAK = YES;
				CLANG_WARN_BLOCK_CAPTURE_AUTORELEASING = YES;
				CLANG_WARN_BOOL_CONVERSION = YES;
				CLANG_WARN_COMMA = YES;
				CLANG_WARN_CONSTANT_CONVERSION = YES;
				CLANG_WARN_DEPRECATED_OBJC_IMPLEMENTATIONS = YES;
				CLANG_WARN_DIRECT_OBJC_ISA_USAGE = YES_ERROR;
				CLANG_WARN_DOCUMENTATION_COMMENTS = YES;
				CLANG_WARN_EMPTY_BODY = YES;
				CLANG_WARN_ENUM_CONVERSION = YES;
				CLANG_WARN_INFINITE_RECURSION = YES;
				CLANG_WARN_INT_CONVERSION = YES;
				CLANG_WARN_NON_LITERAL_NULL_CONVERSION = YES;
				CLANG_WARN_OBJC_IMPLICIT_RETAIN_SELF = YES;
				CLANG_WARN_OBJC_LITERAL_CONVERSION = YES;
				CLANG_WARN_OBJC_ROOT_CLASS = YES_ERROR;
				CLANG_WARN_RANGE_LOOP_ANALYSIS = YES;
				CLANG_WARN_STRICT_PROTOTYPES = YES;
				CLANG_WARN_SUSPICIOUS_MOVE = YES;
				CLANG_WARN_UNGUARDED_AVAILABILITY = YES_AGGRESSIVE;
				CLANG_WARN_UNREACHABLE_CODE = YES;
				CLANG_WARN__DUPLICATE_METHOD_MATCH = YES;
				CODE_SIGN_IDENTITY = "iPhone Developer";
				COPY_PHASE_STRIP = NO;
				DEBUG_INFORMATION_FORMAT = "dwarf-with-dsym";
				ENABLE_NS_ASSERTIONS = NO;
				ENABLE_STRICT_OBJC_MSGSEND = YES;
				GCC_C_LANGUAGE_STANDARD = gnu11;
				GCC_NO_COMMON_BLOCKS = YES;
				GCC_WARN_64_TO_32_BIT_CONVERSION = YES;
				GCC_WARN_ABOUT_RETURN_TYPE = YES_ERROR;
				GCC_WARN_UNDECLARED_SELECTOR = YES;
				GCC_WARN_UNINITIALIZED_AUTOS = YES_AGGRESSIVE;
				GCC_WARN_UNUSED_FUNCTION = YES;
				GCC_WARN_UNUSED_VARIABLE = YES;
				IPHONEOS_DEPLOYMENT_TARGET = 12.4;
				MTL_ENABLE_DEBUG_INFO = NO;
				MTL_FAST_MATH = YES;
				SDKROOT = iphoneos;
				SWIFT_COMPILATION_MODE = wholemodule;
				SWIFT_OPTIMIZATION_LEVEL = "-O";
				VALIDATE_PRODUCT = YES;
			};
			name = Release;
		};
		1E68FD4B2323FA1200631945 /* Debug */ = {
			isa = XCBuildConfiguration;
			buildSettings = {
				ASSETCATALOG_COMPILER_APPICON_NAME = AppIcon;
				CLANG_ENABLE_MODULES = YES;
				CODE_SIGN_STYLE = Automatic;
				CURRENT_PROJECT_VERSION = 1.0;
				DEVELOPMENT_TEAM = 75H2NCGMKS;
				INFOPLIST_FILE = iOs531App/Info.plist;
				LD_RUNPATH_SEARCH_PATHS = (
					"$(inherited)",
					"@executable_path/Frameworks",
				);
				PRODUCT_BUNDLE_IDENTIFIER = com.kevinli.iOs531App;
				PRODUCT_NAME = "531 BBB";
				SWIFT_OBJC_BRIDGING_HEADER = "iOs531App/iOs531App-Bridging-Header.h";
				SWIFT_OPTIMIZATION_LEVEL = "-Onone";
				SWIFT_VERSION = 5.0;
				TARGETED_DEVICE_FAMILY = 1;
			};
			name = Debug;
		};
		1E68FD4C2323FA1200631945 /* Release */ = {
			isa = XCBuildConfiguration;
			buildSettings = {
				ASSETCATALOG_COMPILER_APPICON_NAME = AppIcon;
				CLANG_ENABLE_MODULES = YES;
				CODE_SIGN_STYLE = Automatic;
				CURRENT_PROJECT_VERSION = 1.0;
				DEVELOPMENT_TEAM = 75H2NCGMKS;
				INFOPLIST_FILE = iOs531App/Info.plist;
				LD_RUNPATH_SEARCH_PATHS = (
					"$(inherited)",
					"@executable_path/Frameworks",
				);
				PRODUCT_BUNDLE_IDENTIFIER = com.kevinli.iOs531App;
				PRODUCT_NAME = "531 BBB";
				SWIFT_OBJC_BRIDGING_HEADER = "iOs531App/iOs531App-Bridging-Header.h";
				SWIFT_VERSION = 5.0;
				TARGETED_DEVICE_FAMILY = 1;
			};
			name = Release;
		};
/* End XCBuildConfiguration section */

/* Begin XCConfigurationList section */
		1E68FD282323FA1200631945 /* Build configuration list for PBXProject "iOs531App" */ = {
			isa = XCConfigurationList;
			buildConfigurations = (
				1E68FD482323FA1200631945 /* Debug */,
				1E68FD492323FA1200631945 /* Release */,
			);
			defaultConfigurationIsVisible = 0;
			defaultConfigurationName = Release;
		};
		1E68FD4A2323FA1200631945 /* Build configuration list for PBXNativeTarget "iOs531App" */ = {
			isa = XCConfigurationList;
			buildConfigurations = (
				1E68FD4B2323FA1200631945 /* Debug */,
				1E68FD4C2323FA1200631945 /* Release */,
			);
			defaultConfigurationIsVisible = 0;
			defaultConfigurationName = Release;
		};
/* End XCConfigurationList section */

/* Begin XCRemoteSwiftPackageReference section */
		1E7871FE23478B64009A2561 /* XCRemoteSwiftPackageReference "SwiftyBeaver" */ = {
			isa = XCRemoteSwiftPackageReference;
			repositoryURL = "https://github.com/SwiftyBeaver/SwiftyBeaver.git";
			requirement = {
				kind = upToNextMajorVersion;
				minimumVersion = 1.8.2;
			};
		};
		1E7BFD7C2346531A00695060 /* XCRemoteSwiftPackageReference "SQLite" */ = {
			isa = XCRemoteSwiftPackageReference;
			repositoryURL = "https://github.com/stephencelis/SQLite.swift";
			requirement = {
				kind = upToNextMajorVersion;
				minimumVersion = 0.12.2;
			};
		};
/* End XCRemoteSwiftPackageReference section */

/* Begin XCSwiftPackageProductDependency section */
		1E7871FF23478B64009A2561 /* SwiftyBeaver */ = {
			isa = XCSwiftPackageProductDependency;
			package = 1E7871FE23478B64009A2561 /* XCRemoteSwiftPackageReference "SwiftyBeaver" */;
			productName = SwiftyBeaver;
		};
		1E7BFD7D2346531A00695060 /* SQLite */ = {
			isa = XCSwiftPackageProductDependency;
			package = 1E7BFD7C2346531A00695060 /* XCRemoteSwiftPackageReference "SQLite" */;
			productName = SQLite;
		};
/* End XCSwiftPackageProductDependency section */
	};
	rootObject = 1E68FD252323FA1200631945 /* Project object */;
}
