// !$*UTF8*$!
{
	archiveVersion = 1;
	classes = {
	};
	objectVersion = 50;
	objects = {

/* Begin PBXBuildFile section */
		1E2A7088233F97820080479D /* WeekDisplayCell.swift in Sources */ = {isa = PBXBuildFile; fileRef = 1E2A7087233F97820080479D /* WeekDisplayCell.swift */; };
		1E44EF18232E98B2006F7E6C /* TrainingMaxCell.swift in Sources */ = {isa = PBXBuildFile; fileRef = 1E44EF17232E98B2006F7E6C /* TrainingMaxCell.swift */; };
		1E541A7F233FC1F300BAF1FF /* SetCell.swift in Sources */ = {isa = PBXBuildFile; fileRef = 1E541A7E233FC1F300BAF1FF /* SetCell.swift */; };
		1E541A81233FC24F00BAF1FF /* PrCell.swift in Sources */ = {isa = PBXBuildFile; fileRef = 1E541A80233FC24F00BAF1FF /* PrCell.swift */; };
		1E541A84233FC31F00BAF1FF /* WeekVC.swift in Sources */ = {isa = PBXBuildFile; fileRef = 1E541A83233FC31F00BAF1FF /* WeekVC.swift */; };
		1E64982123316CD600C94146 /* TextFieldCell.swift in Sources */ = {isa = PBXBuildFile; fileRef = 1E64982023316CD600C94146 /* TextFieldCell.swift */; };
		1E68FD312323FA1200631945 /* AppDelegate.swift in Sources */ = {isa = PBXBuildFile; fileRef = 1E68FD302323FA1200631945 /* AppDelegate.swift */; };
		1E68FD332323FA1200631945 /* SetupVC.swift in Sources */ = {isa = PBXBuildFile; fileRef = 1E68FD322323FA1200631945 /* SetupVC.swift */; };
		1E68FD362323FA1200631945 /* Main.storyboard in Resources */ = {isa = PBXBuildFile; fileRef = 1E68FD342323FA1200631945 /* Main.storyboard */; };
		1E68FD382323FA1200631945 /* Assets.xcassets in Resources */ = {isa = PBXBuildFile; fileRef = 1E68FD372323FA1200631945 /* Assets.xcassets */; };
		1E68FD3B2323FA1200631945 /* LaunchScreen.storyboard in Resources */ = {isa = PBXBuildFile; fileRef = 1E68FD392323FA1200631945 /* LaunchScreen.storyboard */; };
		1E68FD462323FA1200631945 /* iOs531AppTests.swift in Sources */ = {isa = PBXBuildFile; fileRef = 1E68FD452323FA1200631945 /* iOs531AppTests.swift */; };
		1E6E790A233A47A700053941 /* AssistanceCell.swift in Sources */ = {isa = PBXBuildFile; fileRef = 1E6E7909233A47A700053941 /* AssistanceCell.swift */; };
		1E6E790C233A531800053941 /* AssistanceCatalogVC.swift in Sources */ = {isa = PBXBuildFile; fileRef = 1E6E790B233A531800053941 /* AssistanceCatalogVC.swift */; };
		1E6E790E233A56CF00053941 /* AddExerciseVC.swift in Sources */ = {isa = PBXBuildFile; fileRef = 1E6E790D233A56CF00053941 /* AddExerciseVC.swift */; };
		1E718CD9233CF82900CBB1AC /* AssistanceExerciseCell.swift in Sources */ = {isa = PBXBuildFile; fileRef = 1E718CD8233CF82900CBB1AC /* AssistanceExerciseCell.swift */; };
		1E78D9802332A99F0058306B /* DayAndLiftPickerCell.swift in Sources */ = {isa = PBXBuildFile; fileRef = 1E78D97F2332A99F0058306B /* DayAndLiftPickerCell.swift */; };
		1E7D304A2337AFC200E7EEB3 /* UIScrollView+TPKeyboardAvoidingAdditions.m in Sources */ = {isa = PBXBuildFile; fileRef = 1E7D30442337AFC200E7EEB3 /* UIScrollView+TPKeyboardAvoidingAdditions.m */; };
		1E7D304B2337AFC200E7EEB3 /* TPKeyboardAvoidingScrollView.m in Sources */ = {isa = PBXBuildFile; fileRef = 1E7D30452337AFC200E7EEB3 /* TPKeyboardAvoidingScrollView.m */; };
		1E7D304C2337AFC200E7EEB3 /* TPKeyboardAvoidingTableView.m in Sources */ = {isa = PBXBuildFile; fileRef = 1E7D30462337AFC200E7EEB3 /* TPKeyboardAvoidingTableView.m */; };
		1E96B1952337D59200B28A85 /* TimerCell.swift in Sources */ = {isa = PBXBuildFile; fileRef = 1E96B1942337D59200B28A85 /* TimerCell.swift */; };
		1E9851CF233CD95C00E7DAE7 /* AssistanceInputCell.swift in Sources */ = {isa = PBXBuildFile; fileRef = 1E9851CE233CD95C00E7DAE7 /* AssistanceInputCell.swift */; };
		1EB22DC0232BE20F00099FBB /* CycleVC.swift in Sources */ = {isa = PBXBuildFile; fileRef = 1EB22DBF232BE20F00099FBB /* CycleVC.swift */; };
		1EB22DC2232C0F0800099FBB /* RoundToCell.swift in Sources */ = {isa = PBXBuildFile; fileRef = 1EB22DC1232C0F0800099FBB /* RoundToCell.swift */; };
		1EB22DC4232E8FA500099FBB /* ProgressionCell.swift in Sources */ = {isa = PBXBuildFile; fileRef = 1EB22DC3232E8FA500099FBB /* ProgressionCell.swift */; };
		1EBF0BA3232FC43600502394 /* Lift.swift in Sources */ = {isa = PBXBuildFile; fileRef = 1EBF0BA2232FC43600502394 /* Lift.swift */; };
		1EBF0BA5232FDCBC00502394 /* MainController.swift in Sources */ = {isa = PBXBuildFile; fileRef = 1EBF0BA4232FDCBC00502394 /* MainController.swift */; };
		1EBF0BA7232FDD7B00502394 /* SettingsController.swift in Sources */ = {isa = PBXBuildFile; fileRef = 1EBF0BA6232FDD7B00502394 /* SettingsController.swift */; };
		1EF5C4A02340F4FC00A71C18 /* TimerVC.swift in Sources */ = {isa = PBXBuildFile; fileRef = 1EF5C49F2340F4FC00A71C18 /* TimerVC.swift */; };
		1EF5C4C42341336A00A71C18 /* Extensions.swift in Sources */ = {isa = PBXBuildFile; fileRef = 1EF5C4C32341336A00A71C18 /* Extensions.swift */; };
/* End PBXBuildFile section */

/* Begin PBXContainerItemProxy section */
		1E68FD422323FA1200631945 /* PBXContainerItemProxy */ = {
			isa = PBXContainerItemProxy;
			containerPortal = 1E68FD252323FA1200631945 /* Project object */;
			proxyType = 1;
			remoteGlobalIDString = 1E68FD2C2323FA1200631945;
			remoteInfo = iOs531App;
		};
/* End PBXContainerItemProxy section */

/* Begin PBXFileReference section */
		1E2A7087233F97820080479D /* WeekDisplayCell.swift */ = {isa = PBXFileReference; lastKnownFileType = sourcecode.swift; path = WeekDisplayCell.swift; sourceTree = "<group>"; };
		1E44EF17232E98B2006F7E6C /* TrainingMaxCell.swift */ = {isa = PBXFileReference; lastKnownFileType = sourcecode.swift; path = TrainingMaxCell.swift; sourceTree = "<group>"; };
		1E541A7E233FC1F300BAF1FF /* SetCell.swift */ = {isa = PBXFileReference; lastKnownFileType = sourcecode.swift; path = SetCell.swift; sourceTree = "<group>"; };
		1E541A80233FC24F00BAF1FF /* PrCell.swift */ = {isa = PBXFileReference; lastKnownFileType = sourcecode.swift; path = PrCell.swift; sourceTree = "<group>"; };
		1E541A83233FC31F00BAF1FF /* WeekVC.swift */ = {isa = PBXFileReference; lastKnownFileType = sourcecode.swift; path = WeekVC.swift; sourceTree = "<group>"; };
		1E64982023316CD600C94146 /* TextFieldCell.swift */ = {isa = PBXFileReference; lastKnownFileType = sourcecode.swift; path = TextFieldCell.swift; sourceTree = "<group>"; };
		1E68FD2D2323FA1200631945 /* Fit Don't Quit.app */ = {isa = PBXFileReference; explicitFileType = wrapper.application; includeInIndex = 0; path = "Fit Don't Quit.app"; sourceTree = BUILT_PRODUCTS_DIR; };
		1E68FD302323FA1200631945 /* AppDelegate.swift */ = {isa = PBXFileReference; lastKnownFileType = sourcecode.swift; path = AppDelegate.swift; sourceTree = "<group>"; };
		1E68FD322323FA1200631945 /* SetupVC.swift */ = {isa = PBXFileReference; lastKnownFileType = sourcecode.swift; path = SetupVC.swift; sourceTree = "<group>"; };
		1E68FD352323FA1200631945 /* Base */ = {isa = PBXFileReference; lastKnownFileType = file.storyboard; name = Base; path = Base.lproj/Main.storyboard; sourceTree = "<group>"; };
		1E68FD372323FA1200631945 /* Assets.xcassets */ = {isa = PBXFileReference; lastKnownFileType = folder.assetcatalog; path = Assets.xcassets; sourceTree = "<group>"; };
		1E68FD3A2323FA1200631945 /* Base */ = {isa = PBXFileReference; lastKnownFileType = file.storyboard; name = Base; path = Base.lproj/LaunchScreen.storyboard; sourceTree = "<group>"; };
		1E68FD3C2323FA1200631945 /* Info.plist */ = {isa = PBXFileReference; lastKnownFileType = text.plist.xml; path = Info.plist; sourceTree = "<group>"; };
		1E68FD412323FA1200631945 /* iOs531AppTests.xctest */ = {isa = PBXFileReference; explicitFileType = wrapper.cfbundle; includeInIndex = 0; path = iOs531AppTests.xctest; sourceTree = BUILT_PRODUCTS_DIR; };
		1E68FD452323FA1200631945 /* iOs531AppTests.swift */ = {isa = PBXFileReference; lastKnownFileType = sourcecode.swift; path = iOs531AppTests.swift; sourceTree = "<group>"; };
		1E68FD472323FA1200631945 /* Info.plist */ = {isa = PBXFileReference; lastKnownFileType = text.plist.xml; path = Info.plist; sourceTree = "<group>"; };
		1E6E7909233A47A700053941 /* AssistanceCell.swift */ = {isa = PBXFileReference; lastKnownFileType = sourcecode.swift; path = AssistanceCell.swift; sourceTree = "<group>"; };
		1E6E790B233A531800053941 /* AssistanceCatalogVC.swift */ = {isa = PBXFileReference; lastKnownFileType = sourcecode.swift; path = AssistanceCatalogVC.swift; sourceTree = "<group>"; };
		1E6E790D233A56CF00053941 /* AddExerciseVC.swift */ = {isa = PBXFileReference; lastKnownFileType = sourcecode.swift; path = AddExerciseVC.swift; sourceTree = "<group>"; };
		1E718CD8233CF82900CBB1AC /* AssistanceExerciseCell.swift */ = {isa = PBXFileReference; lastKnownFileType = sourcecode.swift; path = AssistanceExerciseCell.swift; sourceTree = "<group>"; };
		1E78D97F2332A99F0058306B /* DayAndLiftPickerCell.swift */ = {isa = PBXFileReference; lastKnownFileType = sourcecode.swift; path = DayAndLiftPickerCell.swift; sourceTree = "<group>"; };
		1E7D30442337AFC200E7EEB3 /* UIScrollView+TPKeyboardAvoidingAdditions.m */ = {isa = PBXFileReference; fileEncoding = 4; lastKnownFileType = sourcecode.c.objc; path = "UIScrollView+TPKeyboardAvoidingAdditions.m"; sourceTree = "<group>"; };
		1E7D30452337AFC200E7EEB3 /* TPKeyboardAvoidingScrollView.m */ = {isa = PBXFileReference; fileEncoding = 4; lastKnownFileType = sourcecode.c.objc; path = TPKeyboardAvoidingScrollView.m; sourceTree = "<group>"; };
		1E7D30462337AFC200E7EEB3 /* TPKeyboardAvoidingTableView.m */ = {isa = PBXFileReference; fileEncoding = 4; lastKnownFileType = sourcecode.c.objc; path = TPKeyboardAvoidingTableView.m; sourceTree = "<group>"; };
		1E7D30472337AFC200E7EEB3 /* TPKeyboardAvoidingTableView.h */ = {isa = PBXFileReference; fileEncoding = 4; lastKnownFileType = sourcecode.c.h; path = TPKeyboardAvoidingTableView.h; sourceTree = "<group>"; };
		1E7D30482337AFC200E7EEB3 /* UIScrollView+TPKeyboardAvoidingAdditions.h */ = {isa = PBXFileReference; fileEncoding = 4; lastKnownFileType = sourcecode.c.h; path = "UIScrollView+TPKeyboardAvoidingAdditions.h"; sourceTree = "<group>"; };
		1E7D30492337AFC200E7EEB3 /* TPKeyboardAvoidingScrollView.h */ = {isa = PBXFileReference; fileEncoding = 4; lastKnownFileType = sourcecode.c.h; path = TPKeyboardAvoidingScrollView.h; sourceTree = "<group>"; };
		1E7D304D2337AFE200E7EEB3 /* iOs531App-Bridging-Header.h */ = {isa = PBXFileReference; lastKnownFileType = sourcecode.c.h; path = "iOs531App-Bridging-Header.h"; sourceTree = "<group>"; };
		1E96B1942337D59200B28A85 /* TimerCell.swift */ = {isa = PBXFileReference; lastKnownFileType = sourcecode.swift; path = TimerCell.swift; sourceTree = "<group>"; };
		1E9851CE233CD95C00E7DAE7 /* AssistanceInputCell.swift */ = {isa = PBXFileReference; lastKnownFileType = sourcecode.swift; path = AssistanceInputCell.swift; sourceTree = "<group>"; };
		1EB22DBF232BE20F00099FBB /* CycleVC.swift */ = {isa = PBXFileReference; lastKnownFileType = sourcecode.swift; path = CycleVC.swift; sourceTree = "<group>"; };
		1EB22DC1232C0F0800099FBB /* RoundToCell.swift */ = {isa = PBXFileReference; lastKnownFileType = sourcecode.swift; path = RoundToCell.swift; sourceTree = "<group>"; };
		1EB22DC3232E8FA500099FBB /* ProgressionCell.swift */ = {isa = PBXFileReference; lastKnownFileType = sourcecode.swift; path = ProgressionCell.swift; sourceTree = "<group>"; };
		1EBF0BA2232FC43600502394 /* Lift.swift */ = {isa = PBXFileReference; lastKnownFileType = sourcecode.swift; path = Lift.swift; sourceTree = "<group>"; };
		1EBF0BA4232FDCBC00502394 /* MainController.swift */ = {isa = PBXFileReference; lastKnownFileType = sourcecode.swift; path = MainController.swift; sourceTree = "<group>"; };
		1EBF0BA6232FDD7B00502394 /* SettingsController.swift */ = {isa = PBXFileReference; lastKnownFileType = sourcecode.swift; path = SettingsController.swift; sourceTree = "<group>"; };
		1EF5C49F2340F4FC00A71C18 /* TimerVC.swift */ = {isa = PBXFileReference; lastKnownFileType = sourcecode.swift; path = TimerVC.swift; sourceTree = "<group>"; };
		1EF5C4C32341336A00A71C18 /* Extensions.swift */ = {isa = PBXFileReference; fileEncoding = 4; lastKnownFileType = sourcecode.swift; path = Extensions.swift; sourceTree = "<group>"; };
/* End PBXFileReference section */

/* Begin PBXFrameworksBuildPhase section */
		1E68FD2A2323FA1200631945 /* Frameworks */ = {
			isa = PBXFrameworksBuildPhase;
			buildActionMask = 2147483647;
			files = (
			);
			runOnlyForDeploymentPostprocessing = 0;
		};
		1E68FD3E2323FA1200631945 /* Frameworks */ = {
			isa = PBXFrameworksBuildPhase;
			buildActionMask = 2147483647;
			files = (
			);
			runOnlyForDeploymentPostprocessing = 0;
		};
/* End PBXFrameworksBuildPhase section */

/* Begin PBXGroup section */
		1E2A7086233F97530080479D /* Cycle */ = {
			isa = PBXGroup;
			children = (
				1E2A7087233F97820080479D /* WeekDisplayCell.swift */,
				1EB22DBF232BE20F00099FBB /* CycleVC.swift */,
			);
			path = Cycle;
			sourceTree = "<group>";
		};
		1E541A82233FC2FA00BAF1FF /* Week */ = {
			isa = PBXGroup;
			children = (
				1E541A7E233FC1F300BAF1FF /* SetCell.swift */,
				1E541A80233FC24F00BAF1FF /* PrCell.swift */,
				1E541A83233FC31F00BAF1FF /* WeekVC.swift */,
			);
			path = Week;
			sourceTree = "<group>";
		};
		1E64981F23316CAC00C94146 /* Settings */ = {
			isa = PBXGroup;
			children = (
				1EBF0BA6232FDD7B00502394 /* SettingsController.swift */,
				1E64982023316CD600C94146 /* TextFieldCell.swift */,
				1E78D97F2332A99F0058306B /* DayAndLiftPickerCell.swift */,
				1E96B1942337D59200B28A85 /* TimerCell.swift */,
				1E6E7909233A47A700053941 /* AssistanceCell.swift */,
			);
			path = Settings;
			sourceTree = "<group>";
		};
		1E68FD242323FA1200631945 = {
			isa = PBXGroup;
			children = (
				1E68FD2F2323FA1200631945 /* iOs531App */,
				1E68FD442323FA1200631945 /* iOs531AppTests */,
				1E68FD2E2323FA1200631945 /* Products */,
			);
			sourceTree = "<group>";
		};
		1E68FD2E2323FA1200631945 /* Products */ = {
			isa = PBXGroup;
			children = (
				1E68FD2D2323FA1200631945 /* Fit Don't Quit.app */,
				1E68FD412323FA1200631945 /* iOs531AppTests.xctest */,
			);
			name = Products;
			sourceTree = "<group>";
		};
		1E68FD2F2323FA1200631945 /* iOs531App */ = {
			isa = PBXGroup;
			children = (
				1E68FD302323FA1200631945 /* AppDelegate.swift */,
				1E9851D0233CDA0E00E7DAE7 /* Popover */,
				1E64981F23316CAC00C94146 /* Settings */,
				1E2A7086233F97530080479D /* Cycle */,
				1E541A82233FC2FA00BAF1FF /* Week */,
				1EF5C49E2340F4E400A71C18 /* Timer */,
				1EBF0B9F232FBDFF00502394 /* Lifts */,
				1EBF0B9E232F9F5500502394 /* ConfigCells */,
				1E68FD322323FA1200631945 /* SetupVC.swift */,
				1EBF0BA4232FDCBC00502394 /* MainController.swift */,
				1E68FD342323FA1200631945 /* Main.storyboard */,
				1EA611152337AC4F001B3710 /* TPKeyboard */,
				1E68FD372323FA1200631945 /* Assets.xcassets */,
				1E68FD392323FA1200631945 /* LaunchScreen.storyboard */,
				1E68FD3C2323FA1200631945 /* Info.plist */,
				1EF5C4C32341336A00A71C18 /* Extensions.swift */,
			);
			path = iOs531App;
			sourceTree = "<group>";
		};
		1E68FD442323FA1200631945 /* iOs531AppTests */ = {
			isa = PBXGroup;
			children = (
				1E68FD452323FA1200631945 /* iOs531AppTests.swift */,
				1E68FD472323FA1200631945 /* Info.plist */,
			);
			path = iOs531AppTests;
			sourceTree = "<group>";
		};
		1E9851D0233CDA0E00E7DAE7 /* Popover */ = {
			isa = PBXGroup;
			children = (
				1E6E790B233A531800053941 /* AssistanceCatalogVC.swift */,
				1E9851CE233CD95C00E7DAE7 /* AssistanceInputCell.swift */,
				1E6E790D233A56CF00053941 /* AddExerciseVC.swift */,
				1E718CD8233CF82900CBB1AC /* AssistanceExerciseCell.swift */,
			);
			path = Popover;
			sourceTree = "<group>";
		};
		1EA611152337AC4F001B3710 /* TPKeyboard */ = {
			isa = PBXGroup;
			children = (
				1E7D304D2337AFE200E7EEB3 /* iOs531App-Bridging-Header.h */,
				1E7D30492337AFC200E7EEB3 /* TPKeyboardAvoidingScrollView.h */,
				1E7D30452337AFC200E7EEB3 /* TPKeyboardAvoidingScrollView.m */,
				1E7D30472337AFC200E7EEB3 /* TPKeyboardAvoidingTableView.h */,
				1E7D30462337AFC200E7EEB3 /* TPKeyboardAvoidingTableView.m */,
				1E7D30482337AFC200E7EEB3 /* UIScrollView+TPKeyboardAvoidingAdditions.h */,
				1E7D30442337AFC200E7EEB3 /* UIScrollView+TPKeyboardAvoidingAdditions.m */,
			);
			name = TPKeyboard;
			sourceTree = "<group>";
		};
		1EBF0B9E232F9F5500502394 /* ConfigCells */ = {
			isa = PBXGroup;
			children = (
				1EB22DC1232C0F0800099FBB /* RoundToCell.swift */,
				1E44EF17232E98B2006F7E6C /* TrainingMaxCell.swift */,
				1EB22DC3232E8FA500099FBB /* ProgressionCell.swift */,
			);
			path = ConfigCells;
			sourceTree = "<group>";
		};
		1EBF0B9F232FBDFF00502394 /* Lifts */ = {
			isa = PBXGroup;
			children = (
				1EBF0BA2232FC43600502394 /* Lift.swift */,
			);
			path = Lifts;
			sourceTree = "<group>";
		};
		1EF5C49E2340F4E400A71C18 /* Timer */ = {
			isa = PBXGroup;
			children = (
				1EF5C49F2340F4FC00A71C18 /* TimerVC.swift */,
			);
			path = Timer;
			sourceTree = "<group>";
		};
/* End PBXGroup section */

/* Begin PBXNativeTarget section */
		1E68FD2C2323FA1200631945 /* iOs531App */ = {
			isa = PBXNativeTarget;
			buildConfigurationList = 1E68FD4A2323FA1200631945 /* Build configuration list for PBXNativeTarget "iOs531App" */;
			buildPhases = (
				1E68FD292323FA1200631945 /* Sources */,
				1E68FD2A2323FA1200631945 /* Frameworks */,
				1E68FD2B2323FA1200631945 /* Resources */,
			);
			buildRules = (
			);
			dependencies = (
			);
			name = iOs531App;
			productName = iOs531App;
			productReference = 1E68FD2D2323FA1200631945 /* Fit Don't Quit.app */;
			productType = "com.apple.product-type.application";
		};
		1E68FD402323FA1200631945 /* iOs531AppTests */ = {
			isa = PBXNativeTarget;
			buildConfigurationList = 1E68FD4D2323FA1200631945 /* Build configuration list for PBXNativeTarget "iOs531AppTests" */;
			buildPhases = (
				1E68FD3D2323FA1200631945 /* Sources */,
				1E68FD3E2323FA1200631945 /* Frameworks */,
				1E68FD3F2323FA1200631945 /* Resources */,
			);
			buildRules = (
			);
			dependencies = (
				1E68FD432323FA1200631945 /* PBXTargetDependency */,
			);
			name = iOs531AppTests;
			productName = iOs531AppTests;
			productReference = 1E68FD412323FA1200631945 /* iOs531AppTests.xctest */;
			productType = "com.apple.product-type.bundle.unit-test";
		};
/* End PBXNativeTarget section */

/* Begin PBXProject section */
		1E68FD252323FA1200631945 /* Project object */ = {
			isa = PBXProject;
			attributes = {
				LastSwiftUpdateCheck = 1030;
				LastUpgradeCheck = 1030;
				ORGANIZATIONNAME = "Kevin Li";
				TargetAttributes = {
					1E68FD2C2323FA1200631945 = {
						CreatedOnToolsVersion = 10.3;
						LastSwiftMigration = 1100;
					};
					1E68FD402323FA1200631945 = {
						CreatedOnToolsVersion = 10.3;
						TestTargetID = 1E68FD2C2323FA1200631945;
					};
				};
			};
			buildConfigurationList = 1E68FD282323FA1200631945 /* Build configuration list for PBXProject "iOs531App" */;
			compatibilityVersion = "Xcode 9.3";
			developmentRegion = en;
			hasScannedForEncodings = 0;
			knownRegions = (
				en,
				Base,
			);
			mainGroup = 1E68FD242323FA1200631945;
			productRefGroup = 1E68FD2E2323FA1200631945 /* Products */;
			projectDirPath = "";
			projectRoot = "";
			targets = (
				1E68FD2C2323FA1200631945 /* iOs531App */,
				1E68FD402323FA1200631945 /* iOs531AppTests */,
			);
		};
/* End PBXProject section */

/* Begin PBXResourcesBuildPhase section */
		1E68FD2B2323FA1200631945 /* Resources */ = {
			isa = PBXResourcesBuildPhase;
			buildActionMask = 2147483647;
			files = (
				1E68FD3B2323FA1200631945 /* LaunchScreen.storyboard in Resources */,
				1E68FD382323FA1200631945 /* Assets.xcassets in Resources */,
				1E68FD362323FA1200631945 /* Main.storyboard in Resources */,
			);
			runOnlyForDeploymentPostprocessing = 0;
		};
		1E68FD3F2323FA1200631945 /* Resources */ = {
			isa = PBXResourcesBuildPhase;
			buildActionMask = 2147483647;
			files = (
			);
			runOnlyForDeploymentPostprocessing = 0;
		};
/* End PBXResourcesBuildPhase section */

/* Begin PBXSourcesBuildPhase section */
		1E68FD292323FA1200631945 /* Sources */ = {
			isa = PBXSourcesBuildPhase;
			buildActionMask = 2147483647;
			files = (
				1E541A7F233FC1F300BAF1FF /* SetCell.swift in Sources */,
				1E7D304B2337AFC200E7EEB3 /* TPKeyboardAvoidingScrollView.m in Sources */,
				1E718CD9233CF82900CBB1AC /* AssistanceExerciseCell.swift in Sources */,
				1E78D9802332A99F0058306B /* DayAndLiftPickerCell.swift in Sources */,
				1E6E790E233A56CF00053941 /* AddExerciseVC.swift in Sources */,
				1E7D304A2337AFC200E7EEB3 /* UIScrollView+TPKeyboardAvoidingAdditions.m in Sources */,
				1EBF0BA7232FDD7B00502394 /* SettingsController.swift in Sources */,
				1EBF0BA5232FDCBC00502394 /* MainController.swift in Sources */,
				1EB22DC4232E8FA500099FBB /* ProgressionCell.swift in Sources */,
				1EB22DC0232BE20F00099FBB /* CycleVC.swift in Sources */,
				1E2A7088233F97820080479D /* WeekDisplayCell.swift in Sources */,
				1E541A81233FC24F00BAF1FF /* PrCell.swift in Sources */,
				1E68FD332323FA1200631945 /* SetupVC.swift in Sources */,
				1EBF0BA3232FC43600502394 /* Lift.swift in Sources */,
				1E7D304C2337AFC200E7EEB3 /* TPKeyboardAvoidingTableView.m in Sources */,
				1E68FD312323FA1200631945 /* AppDelegate.swift in Sources */,
				1E44EF18232E98B2006F7E6C /* TrainingMaxCell.swift in Sources */,
				1EB22DC2232C0F0800099FBB /* RoundToCell.swift in Sources */,
				1E6E790A233A47A700053941 /* AssistanceCell.swift in Sources */,
				1E64982123316CD600C94146 /* TextFieldCell.swift in Sources */,
				1E541A84233FC31F00BAF1FF /* WeekVC.swift in Sources */,
				1EF5C4C42341336A00A71C18 /* Extensions.swift in Sources */,
				1E6E790C233A531800053941 /* AssistanceCatalogVC.swift in Sources */,
				1E9851CF233CD95C00E7DAE7 /* AssistanceInputCell.swift in Sources */,
				1EF5C4A02340F4FC00A71C18 /* TimerVC.swift in Sources */,
				1E96B1952337D59200B28A85 /* TimerCell.swift in Sources */,
			);
			runOnlyForDeploymentPostprocessing = 0;
		};
		1E68FD3D2323FA1200631945 /* Sources */ = {
			isa = PBXSourcesBuildPhase;
			buildActionMask = 2147483647;
			files = (
				1E68FD462323FA1200631945 /* iOs531AppTests.swift in Sources */,
			);
			runOnlyForDeploymentPostprocessing = 0;
		};
/* End PBXSourcesBuildPhase section */

/* Begin PBXTargetDependency section */
		1E68FD432323FA1200631945 /* PBXTargetDependency */ = {
			isa = PBXTargetDependency;
			target = 1E68FD2C2323FA1200631945 /* iOs531App */;
			targetProxy = 1E68FD422323FA1200631945 /* PBXContainerItemProxy */;
		};
/* End PBXTargetDependency section */

/* Begin PBXVariantGroup section */
		1E68FD342323FA1200631945 /* Main.storyboard */ = {
			isa = PBXVariantGroup;
			children = (
				1E68FD352323FA1200631945 /* Base */,
			);
			name = Main.storyboard;
			sourceTree = "<group>";
		};
		1E68FD392323FA1200631945 /* LaunchScreen.storyboard */ = {
			isa = PBXVariantGroup;
			children = (
				1E68FD3A2323FA1200631945 /* Base */,
			);
			name = LaunchScreen.storyboard;
			sourceTree = "<group>";
		};
/* End PBXVariantGroup section */

/* Begin XCBuildConfiguration section */
		1E68FD482323FA1200631945 /* Debug */ = {
			isa = XCBuildConfiguration;
			buildSettings = {
				ALWAYS_SEARCH_USER_PATHS = NO;
				CLANG_ANALYZER_NONNULL = YES;
				CLANG_ANALYZER_NUMBER_OBJECT_CONVERSION = YES_AGGRESSIVE;
				CLANG_CXX_LANGUAGE_STANDARD = "gnu++14";
				CLANG_CXX_LIBRARY = "libc++";
				CLANG_ENABLE_MODULES = YES;
				CLANG_ENABLE_OBJC_ARC = YES;
				CLANG_ENABLE_OBJC_WEAK = YES;
				CLANG_WARN_BLOCK_CAPTURE_AUTORELEASING = YES;
				CLANG_WARN_BOOL_CONVERSION = YES;
				CLANG_WARN_COMMA = YES;
				CLANG_WARN_CONSTANT_CONVERSION = YES;
				CLANG_WARN_DEPRECATED_OBJC_IMPLEMENTATIONS = YES;
				CLANG_WARN_DIRECT_OBJC_ISA_USAGE = YES_ERROR;
				CLANG_WARN_DOCUMENTATION_COMMENTS = YES;
				CLANG_WARN_EMPTY_BODY = YES;
				CLANG_WARN_ENUM_CONVERSION = YES;
				CLANG_WARN_INFINITE_RECURSION = YES;
				CLANG_WARN_INT_CONVERSION = YES;
				CLANG_WARN_NON_LITERAL_NULL_CONVERSION = YES;
				CLANG_WARN_OBJC_IMPLICIT_RETAIN_SELF = YES;
				CLANG_WARN_OBJC_LITERAL_CONVERSION = YES;
				CLANG_WARN_OBJC_ROOT_CLASS = YES_ERROR;
				CLANG_WARN_RANGE_LOOP_ANALYSIS = YES;
				CLANG_WARN_STRICT_PROTOTYPES = YES;
				CLANG_WARN_SUSPICIOUS_MOVE = YES;
				CLANG_WARN_UNGUARDED_AVAILABILITY = YES_AGGRESSIVE;
				CLANG_WARN_UNREACHABLE_CODE = YES;
				CLANG_WARN__DUPLICATE_METHOD_MATCH = YES;
				CODE_SIGN_IDENTITY = "iPhone Developer";
				COPY_PHASE_STRIP = NO;
				DEBUG_INFORMATION_FORMAT = dwarf;
				ENABLE_STRICT_OBJC_MSGSEND = YES;
				ENABLE_TESTABILITY = YES;
				GCC_C_LANGUAGE_STANDARD = gnu11;
				GCC_DYNAMIC_NO_PIC = NO;
				GCC_NO_COMMON_BLOCKS = YES;
				GCC_OPTIMIZATION_LEVEL = 0;
				GCC_PREPROCESSOR_DEFINITIONS = (
					"DEBUG=1",
					"$(inherited)",
				);
				GCC_WARN_64_TO_32_BIT_CONVERSION = YES;
				GCC_WARN_ABOUT_RETURN_TYPE = YES_ERROR;
				GCC_WARN_UNDECLARED_SELECTOR = YES;
				GCC_WARN_UNINITIALIZED_AUTOS = YES_AGGRESSIVE;
				GCC_WARN_UNUSED_FUNCTION = YES;
				GCC_WARN_UNUSED_VARIABLE = YES;
				IPHONEOS_DEPLOYMENT_TARGET = 12.4;
				MTL_ENABLE_DEBUG_INFO = INCLUDE_SOURCE;
				MTL_FAST_MATH = YES;
				ONLY_ACTIVE_ARCH = YES;
				SDKROOT = iphoneos;
				SWIFT_ACTIVE_COMPILATION_CONDITIONS = DEBUG;
				SWIFT_OPTIMIZATION_LEVEL = "-Onone";
			};
			name = Debug;
		};
		1E68FD492323FA1200631945 /* Release */ = {
			isa = XCBuildConfiguration;
			buildSettings = {
				ALWAYS_SEARCH_USER_PATHS = NO;
				CLANG_ANALYZER_NONNULL = YES;
				CLANG_ANALYZER_NUMBER_OBJECT_CONVERSION = YES_AGGRESSIVE;
				CLANG_CXX_LANGUAGE_STANDARD = "gnu++14";
				CLANG_CXX_LIBRARY = "libc++";
				CLANG_ENABLE_MODULES = YES;
				CLANG_ENABLE_OBJC_ARC = YES;
				CLANG_ENABLE_OBJC_WEAK = YES;
				CLANG_WARN_BLOCK_CAPTURE_AUTORELEASING = YES;
				CLANG_WARN_BOOL_CONVERSION = YES;
				CLANG_WARN_COMMA = YES;
				CLANG_WARN_CONSTANT_CONVERSION = YES;
				CLANG_WARN_DEPRECATED_OBJC_IMPLEMENTATIONS = YES;
				CLANG_WARN_DIRECT_OBJC_ISA_USAGE = YES_ERROR;
				CLANG_WARN_DOCUMENTATION_COMMENTS = YES;
				CLANG_WARN_EMPTY_BODY = YES;
				CLANG_WARN_ENUM_CONVERSION = YES;
				CLANG_WARN_INFINITE_RECURSION = YES;
				CLANG_WARN_INT_CONVERSION = YES;
				CLANG_WARN_NON_LITERAL_NULL_CONVERSION = YES;
				CLANG_WARN_OBJC_IMPLICIT_RETAIN_SELF = YES;
				CLANG_WARN_OBJC_LITERAL_CONVERSION = YES;
				CLANG_WARN_OBJC_ROOT_CLASS = YES_ERROR;
				CLANG_WARN_RANGE_LOOP_ANALYSIS = YES;
				CLANG_WARN_STRICT_PROTOTYPES = YES;
				CLANG_WARN_SUSPICIOUS_MOVE = YES;
				CLANG_WARN_UNGUARDED_AVAILABILITY = YES_AGGRESSIVE;
				CLANG_WARN_UNREACHABLE_CODE = YES;
				CLANG_WARN__DUPLICATE_METHOD_MATCH = YES;
				CODE_SIGN_IDENTITY = "iPhone Developer";
				COPY_PHASE_STRIP = NO;
				DEBUG_INFORMATION_FORMAT = "dwarf-with-dsym";
				ENABLE_NS_ASSERTIONS = NO;
				ENABLE_STRICT_OBJC_MSGSEND = YES;
				GCC_C_LANGUAGE_STANDARD = gnu11;
				GCC_NO_COMMON_BLOCKS = YES;
				GCC_WARN_64_TO_32_BIT_CONVERSION = YES;
				GCC_WARN_ABOUT_RETURN_TYPE = YES_ERROR;
				GCC_WARN_UNDECLARED_SELECTOR = YES;
				GCC_WARN_UNINITIALIZED_AUTOS = YES_AGGRESSIVE;
				GCC_WARN_UNUSED_FUNCTION = YES;
				GCC_WARN_UNUSED_VARIABLE = YES;
				IPHONEOS_DEPLOYMENT_TARGET = 12.4;
				MTL_ENABLE_DEBUG_INFO = NO;
				MTL_FAST_MATH = YES;
				SDKROOT = iphoneos;
				SWIFT_COMPILATION_MODE = wholemodule;
				SWIFT_OPTIMIZATION_LEVEL = "-O";
				VALIDATE_PRODUCT = YES;
			};
			name = Release;
		};
		1E68FD4B2323FA1200631945 /* Debug */ = {
			isa = XCBuildConfiguration;
			buildSettings = {
				ASSETCATALOG_COMPILER_APPICON_NAME = AppIcon;
				CLANG_ENABLE_MODULES = YES;
				CODE_SIGN_STYLE = Automatic;
				DEVELOPMENT_TEAM = 75H2NCGMKS;
				INFOPLIST_FILE = iOs531App/Info.plist;
				LD_RUNPATH_SEARCH_PATHS = (
					"$(inherited)",
					"@executable_path/Frameworks",
				);
				PRODUCT_BUNDLE_IDENTIFIER = com.kevinli.iOs531App;
				PRODUCT_NAME = "Fit Don't Quit";
				SWIFT_OBJC_BRIDGING_HEADER = "iOs531App/iOs531App-Bridging-Header.h";
				SWIFT_OPTIMIZATION_LEVEL = "-Onone";
				SWIFT_VERSION = 5.0;
				TARGETED_DEVICE_FAMILY = "1,2";
			};
			name = Debug;
		};
		1E68FD4C2323FA1200631945 /* Release */ = {
			isa = XCBuildConfiguration;
			buildSettings = {
				ASSETCATALOG_COMPILER_APPICON_NAME = AppIcon;
				CLANG_ENABLE_MODULES = YES;
				CODE_SIGN_STYLE = Automatic;
				DEVELOPMENT_TEAM = 75H2NCGMKS;
				INFOPLIST_FILE = iOs531App/Info.plist;
				LD_RUNPATH_SEARCH_PATHS = (
					"$(inherited)",
					"@executable_path/Frameworks",
				);
				PRODUCT_BUNDLE_IDENTIFIER = com.kevinli.iOs531App;
				PRODUCT_NAME = "Fit Don't Quit";
				SWIFT_OBJC_BRIDGING_HEADER = "iOs531App/iOs531App-Bridging-Header.h";
				SWIFT_VERSION = 5.0;
				TARGETED_DEVICE_FAMILY = "1,2";
			};
			name = Release;
		};
		1E68FD4E2323FA1200631945 /* Debug */ = {
			isa = XCBuildConfiguration;
			buildSettings = {
				ALWAYS_EMBED_SWIFT_STANDARD_LIBRARIES = YES;
				BUNDLE_LOADER = "$(TEST_HOST)";
				CODE_SIGN_STYLE = Automatic;
				DEVELOPMENT_TEAM = 75H2NCGMKS;
				INFOPLIST_FILE = iOs531AppTests/Info.plist;
				LD_RUNPATH_SEARCH_PATHS = (
					"$(inherited)",
					"@executable_path/Frameworks",
					"@loader_path/Frameworks",
				);
				PRODUCT_BUNDLE_IDENTIFIER = com.kevinli.iOs531AppTests;
				PRODUCT_NAME = "$(TARGET_NAME)";
				SWIFT_VERSION = 5.0;
				TARGETED_DEVICE_FAMILY = "1,2";
				TEST_HOST = "$(BUILT_PRODUCTS_DIR)/iOs531App.app/iOs531App";
			};
			name = Debug;
		};
		1E68FD4F2323FA1200631945 /* Release */ = {
			isa = XCBuildConfiguration;
			buildSettings = {
				ALWAYS_EMBED_SWIFT_STANDARD_LIBRARIES = YES;
				BUNDLE_LOADER = "$(TEST_HOST)";
				CODE_SIGN_STYLE = Automatic;
				DEVELOPMENT_TEAM = 75H2NCGMKS;
				INFOPLIST_FILE = iOs531AppTests/Info.plist;
				LD_RUNPATH_SEARCH_PATHS = (
					"$(inherited)",
					"@executable_path/Frameworks",
					"@loader_path/Frameworks",
				);
				PRODUCT_BUNDLE_IDENTIFIER = com.kevinli.iOs531AppTests;
				PRODUCT_NAME = "$(TARGET_NAME)";
				SWIFT_VERSION = 5.0;
				TARGETED_DEVICE_FAMILY = "1,2";
				TEST_HOST = "$(BUILT_PRODUCTS_DIR)/iOs531App.app/iOs531App";
			};
			name = Release;
		};
/* End XCBuildConfiguration section */

/* Begin XCConfigurationList section */
		1E68FD282323FA1200631945 /* Build configuration list for PBXProject "iOs531App" */ = {
			isa = XCConfigurationList;
			buildConfigurations = (
				1E68FD482323FA1200631945 /* Debug */,
				1E68FD492323FA1200631945 /* Release */,
			);
			defaultConfigurationIsVisible = 0;
			defaultConfigurationName = Release;
		};
		1E68FD4A2323FA1200631945 /* Build configuration list for PBXNativeTarget "iOs531App" */ = {
			isa = XCConfigurationList;
			buildConfigurations = (
				1E68FD4B2323FA1200631945 /* Debug */,
				1E68FD4C2323FA1200631945 /* Release */,
			);
			defaultConfigurationIsVisible = 0;
			defaultConfigurationName = Release;
		};
		1E68FD4D2323FA1200631945 /* Build configuration list for PBXNativeTarget "iOs531AppTests" */ = {
			isa = XCConfigurationList;
			buildConfigurations = (
				1E68FD4E2323FA1200631945 /* Debug */,
				1E68FD4F2323FA1200631945 /* Release */,
			);
			defaultConfigurationIsVisible = 0;
			defaultConfigurationName = Release;
		};
/* End XCConfigurationList section */
	};
	rootObject = 1E68FD252323FA1200631945 /* Project object */;
}
