// !$*UTF8*$!
{
	archiveVersion = 1;
	classes = {
	};
	objectVersion = 52;
	objects = {

/* Begin PBXBuildFile section */
		1E64160B234BBD78006815F1 /* AddExerciseVC.swift in Sources */ = {isa = PBXBuildFile; fileRef = 1E641607234BBD78006815F1 /* AddExerciseVC.swift */; };
		1E64160C234BBD78006815F1 /* AssistanceCatalogVC.swift in Sources */ = {isa = PBXBuildFile; fileRef = 1E641608234BBD78006815F1 /* AssistanceCatalogVC.swift */; };
		1E64160D234BBD78006815F1 /* AssistanceExerciseCell.swift in Sources */ = {isa = PBXBuildFile; fileRef = 1E641609234BBD78006815F1 /* AssistanceExerciseCell.swift */; };
		1E64160E234BBD78006815F1 /* AssistanceInputCell.swift in Sources */ = {isa = PBXBuildFile; fileRef = 1E64160A234BBD78006815F1 /* AssistanceInputCell.swift */; };
		1E66D34A2347A7B0007F192F /* SetupData.swift in Sources */ = {isa = PBXBuildFile; fileRef = 1E66D3492347A7B0007F192F /* SetupData.swift */; };
		1E68FD312323FA1200631945 /* AppDelegate.swift in Sources */ = {isa = PBXBuildFile; fileRef = 1E68FD302323FA1200631945 /* AppDelegate.swift */; };
		1E68FD332323FA1200631945 /* SetupVC.swift in Sources */ = {isa = PBXBuildFile; fileRef = 1E68FD322323FA1200631945 /* SetupVC.swift */; };
		1E68FD362323FA1200631945 /* Main.storyboard in Resources */ = {isa = PBXBuildFile; fileRef = 1E68FD342323FA1200631945 /* Main.storyboard */; };
		1E68FD382323FA1200631945 /* Assets.xcassets in Resources */ = {isa = PBXBuildFile; fileRef = 1E68FD372323FA1200631945 /* Assets.xcassets */; };
		1E68FD3B2323FA1200631945 /* LaunchScreen.storyboard in Resources */ = {isa = PBXBuildFile; fileRef = 1E68FD392323FA1200631945 /* LaunchScreen.storyboard */; };
		1E747D242348C8E200060423 /* RoundToCellVM.swift in Sources */ = {isa = PBXBuildFile; fileRef = 1E747D232348C8E200060423 /* RoundToCellVM.swift */; };
		1E747D262348C9D200060423 /* EditValueVM.swift in Sources */ = {isa = PBXBuildFile; fileRef = 1E747D252348C9D200060423 /* EditValueVM.swift */; };
		1E747D2A2348CE0000060423 /* CellConfigurable.swift in Sources */ = {isa = PBXBuildFile; fileRef = 1E747D292348CE0000060423 /* CellConfigurable.swift */; };
		1E747D2C2348CEAD00060423 /* RowViewModel.swift in Sources */ = {isa = PBXBuildFile; fileRef = 1E747D2B2348CEAD00060423 /* RowViewModel.swift */; };
		1E747D2E2348D1FF00060423 /* SetupListViewModel.swift in Sources */ = {isa = PBXBuildFile; fileRef = 1E747D2D2348D1FF00060423 /* SetupListViewModel.swift */; };
		1E747D302348D21400060423 /* SectionVM.swift in Sources */ = {isa = PBXBuildFile; fileRef = 1E747D2F2348D21400060423 /* SectionVM.swift */; };
		1E74A7C7234B6F3900677E76 /* AssistanceCellVM.swift in Sources */ = {isa = PBXBuildFile; fileRef = 1E74A7C6234B6F3900677E76 /* AssistanceCellVM.swift */; };
		1E74A7C9234B713000677E76 /* TimerCellVM.swift in Sources */ = {isa = PBXBuildFile; fileRef = 1E74A7C8234B713000677E76 /* TimerCellVM.swift */; };
		1E7871F7234778E6009A2561 /* Fit_Don_t_QuitTests.swift in Sources */ = {isa = PBXBuildFile; fileRef = 1E7871F6234778E6009A2561 /* Fit_Don_t_QuitTests.swift */; };
		1E78720023478B64009A2561 /* SwiftyBeaver in Frameworks */ = {isa = PBXBuildFile; productRef = 1E7871FF23478B64009A2561 /* SwiftyBeaver */; };
		1E7AD436234A24E5009C141D /* ViewModelPressible.swift in Sources */ = {isa = PBXBuildFile; fileRef = 1E7AD435234A24E5009C141D /* ViewModelPressible.swift */; };
		1E7AD43A234A4443009C141D /* EditValueCell.swift in Sources */ = {isa = PBXBuildFile; fileRef = 1E7AD439234A4443009C141D /* EditValueCell.swift */; };
		1E7AD449234A7537009C141D /* TPKeyboardAvoidingScrollView.m in Sources */ = {isa = PBXBuildFile; fileRef = 1E7AD443234A7537009C141D /* TPKeyboardAvoidingScrollView.m */; };
		1E7AD44A234A7537009C141D /* UIScrollView+TPKeyboardAvoidingAdditions.m in Sources */ = {isa = PBXBuildFile; fileRef = 1E7AD446234A7537009C141D /* UIScrollView+TPKeyboardAvoidingAdditions.m */; };
		1E7AD44B234A7537009C141D /* TPKeyboardAvoidingTableView.m in Sources */ = {isa = PBXBuildFile; fileRef = 1E7AD447234A7537009C141D /* TPKeyboardAvoidingTableView.m */; };
		1E7AD44F234A779E009C141D /* CycleVC.swift in Sources */ = {isa = PBXBuildFile; fileRef = 1E7AD44E234A779E009C141D /* CycleVC.swift */; };
		1E7AD457234A77C8009C141D /* AssistanceCell.swift in Sources */ = {isa = PBXBuildFile; fileRef = 1E7AD452234A77C8009C141D /* AssistanceCell.swift */; };
		1E7AD458234A77C8009C141D /* TimerCell.swift in Sources */ = {isa = PBXBuildFile; fileRef = 1E7AD453234A77C8009C141D /* TimerCell.swift */; };
		1E7AD45C234A77DC009C141D /* WeekDisplayCell.swift in Sources */ = {isa = PBXBuildFile; fileRef = 1E7AD45B234A77DC009C141D /* WeekDisplayCell.swift */; };
		1E7AD45F234A7A03009C141D /* SettingsData.swift in Sources */ = {isa = PBXBuildFile; fileRef = 1E7AD45E234A7A03009C141D /* SettingsData.swift */; };
		1E7AD463234A7A64009C141D /* SettingsVM.swift in Sources */ = {isa = PBXBuildFile; fileRef = 1E7AD462234A7A64009C141D /* SettingsVM.swift */; };
		1E7AD466234A7B24009C141D /* SettingsVC.swift in Sources */ = {isa = PBXBuildFile; fileRef = 1E7AD465234A7B24009C141D /* SettingsVC.swift */; };
		1E7AD468234A7D53009C141D /* SettingsController.swift in Sources */ = {isa = PBXBuildFile; fileRef = 1E7AD451234A77C8009C141D /* SettingsController.swift */; };
		1E7AD46B234A80A2009C141D /* SetupController.swift in Sources */ = {isa = PBXBuildFile; fileRef = 1E7099822347962B00EC4AA4 /* SetupController.swift */; };
		1E7AD46C234A80AF009C141D /* SavedKeys.swift in Sources */ = {isa = PBXBuildFile; fileRef = 1E7AD469234A7DC3009C141D /* SavedKeys.swift */; };
		1E7AD46F234A8D34009C141D /* TextFieldCell.swift in Sources */ = {isa = PBXBuildFile; fileRef = 1E7AD454234A77C8009C141D /* TextFieldCell.swift */; };
		1E7AD471234A9246009C141D /* SchedulePickerVM.swift in Sources */ = {isa = PBXBuildFile; fileRef = 1E7AD470234A9246009C141D /* SchedulePickerVM.swift */; };
		1E7AD472234A959E009C141D /* DayAndLiftPickerCell.swift in Sources */ = {isa = PBXBuildFile; fileRef = 1E7AD455234A77C8009C141D /* DayAndLiftPickerCell.swift */; };
		1E7BFD7E2346531A00695060 /* SQLite in Frameworks */ = {isa = PBXBuildFile; productRef = 1E7BFD7D2346531A00695060 /* SQLite */; };
		1E7BFD842346759900695060 /* CycleDb.swift in Sources */ = {isa = PBXBuildFile; fileRef = 1E7BFD832346759900695060 /* CycleDb.swift */; };
		1EB22DC2232C0F0800099FBB /* RoundToCell.swift in Sources */ = {isa = PBXBuildFile; fileRef = 1EB22DC1232C0F0800099FBB /* RoundToCell.swift */; };
		1EBF0BA3232FC43600502394 /* Lift.swift in Sources */ = {isa = PBXBuildFile; fileRef = 1EBF0BA2232FC43600502394 /* Lift.swift */; };
		1EF5C4C42341336A00A71C18 /* Extensions.swift in Sources */ = {isa = PBXBuildFile; fileRef = 1EF5C4C32341336A00A71C18 /* Extensions.swift */; };
/* End PBXBuildFile section */

/* Begin PBXContainerItemProxy section */
		1E7871F9234778E6009A2561 /* PBXContainerItemProxy */ = {
			isa = PBXContainerItemProxy;
			containerPortal = 1E68FD252323FA1200631945 /* Project object */;
			proxyType = 1;
			remoteGlobalIDString = 1E68FD2C2323FA1200631945;
			remoteInfo = iOs531App;
		};
/* End PBXContainerItemProxy section */

/* Begin PBXCopyFilesBuildPhase section */
		1E7BFD7B23464F1800695060 /* Embed Frameworks */ = {
			isa = PBXCopyFilesBuildPhase;
			buildActionMask = 2147483647;
			dstPath = "";
			dstSubfolderSpec = 10;
			files = (
			);
			name = "Embed Frameworks";
			runOnlyForDeploymentPostprocessing = 0;
		};
/* End PBXCopyFilesBuildPhase section */

/* Begin PBXFileReference section */
		1E641607234BBD78006815F1 /* AddExerciseVC.swift */ = {isa = PBXFileReference; fileEncoding = 4; lastKnownFileType = sourcecode.swift; path = AddExerciseVC.swift; sourceTree = "<group>"; };
		1E641608234BBD78006815F1 /* AssistanceCatalogVC.swift */ = {isa = PBXFileReference; fileEncoding = 4; lastKnownFileType = sourcecode.swift; path = AssistanceCatalogVC.swift; sourceTree = "<group>"; };
		1E641609234BBD78006815F1 /* AssistanceExerciseCell.swift */ = {isa = PBXFileReference; fileEncoding = 4; lastKnownFileType = sourcecode.swift; path = AssistanceExerciseCell.swift; sourceTree = "<group>"; };
		1E64160A234BBD78006815F1 /* AssistanceInputCell.swift */ = {isa = PBXFileReference; fileEncoding = 4; lastKnownFileType = sourcecode.swift; path = AssistanceInputCell.swift; sourceTree = "<group>"; };
		1E66D3492347A7B0007F192F /* SetupData.swift */ = {isa = PBXFileReference; lastKnownFileType = sourcecode.swift; path = SetupData.swift; sourceTree = "<group>"; };
		1E68FD2D2323FA1200631945 /* Fit Don't Quit.app */ = {isa = PBXFileReference; explicitFileType = wrapper.application; includeInIndex = 0; path = "Fit Don't Quit.app"; sourceTree = BUILT_PRODUCTS_DIR; };
		1E68FD302323FA1200631945 /* AppDelegate.swift */ = {isa = PBXFileReference; lastKnownFileType = sourcecode.swift; path = AppDelegate.swift; sourceTree = "<group>"; };
		1E68FD322323FA1200631945 /* SetupVC.swift */ = {isa = PBXFileReference; lastKnownFileType = sourcecode.swift; path = SetupVC.swift; sourceTree = "<group>"; };
		1E68FD352323FA1200631945 /* Base */ = {isa = PBXFileReference; lastKnownFileType = file.storyboard; name = Base; path = Base.lproj/Main.storyboard; sourceTree = "<group>"; };
		1E68FD372323FA1200631945 /* Assets.xcassets */ = {isa = PBXFileReference; lastKnownFileType = folder.assetcatalog; path = Assets.xcassets; sourceTree = "<group>"; };
		1E68FD3A2323FA1200631945 /* Base */ = {isa = PBXFileReference; lastKnownFileType = file.storyboard; name = Base; path = Base.lproj/LaunchScreen.storyboard; sourceTree = "<group>"; };
		1E68FD3C2323FA1200631945 /* Info.plist */ = {isa = PBXFileReference; lastKnownFileType = text.plist.xml; path = Info.plist; sourceTree = "<group>"; };
		1E7099822347962B00EC4AA4 /* SetupController.swift */ = {isa = PBXFileReference; lastKnownFileType = sourcecode.swift; path = SetupController.swift; sourceTree = "<group>"; };
		1E747D232348C8E200060423 /* RoundToCellVM.swift */ = {isa = PBXFileReference; lastKnownFileType = sourcecode.swift; path = RoundToCellVM.swift; sourceTree = "<group>"; };
		1E747D252348C9D200060423 /* EditValueVM.swift */ = {isa = PBXFileReference; lastKnownFileType = sourcecode.swift; path = EditValueVM.swift; sourceTree = "<group>"; };
		1E747D292348CE0000060423 /* CellConfigurable.swift */ = {isa = PBXFileReference; lastKnownFileType = sourcecode.swift; path = CellConfigurable.swift; sourceTree = "<group>"; };
		1E747D2B2348CEAD00060423 /* RowViewModel.swift */ = {isa = PBXFileReference; lastKnownFileType = sourcecode.swift; path = RowViewModel.swift; sourceTree = "<group>"; };
		1E747D2D2348D1FF00060423 /* SetupListViewModel.swift */ = {isa = PBXFileReference; lastKnownFileType = sourcecode.swift; path = SetupListViewModel.swift; sourceTree = "<group>"; };
		1E747D2F2348D21400060423 /* SectionVM.swift */ = {isa = PBXFileReference; lastKnownFileType = sourcecode.swift; path = SectionVM.swift; sourceTree = "<group>"; };
		1E74A7C6234B6F3900677E76 /* AssistanceCellVM.swift */ = {isa = PBXFileReference; lastKnownFileType = sourcecode.swift; path = AssistanceCellVM.swift; sourceTree = "<group>"; };
		1E74A7C8234B713000677E76 /* TimerCellVM.swift */ = {isa = PBXFileReference; lastKnownFileType = sourcecode.swift; path = TimerCellVM.swift; sourceTree = "<group>"; };
		1E7871E6234774F4009A2561 /* Fit_Don_t_QuitTests.swift */ = {isa = PBXFileReference; lastKnownFileType = sourcecode.swift; path = Fit_Don_t_QuitTests.swift; sourceTree = "<group>"; };
		1E7871E8234774F4009A2561 /* Info.plist */ = {isa = PBXFileReference; lastKnownFileType = text.plist.xml; path = Info.plist; sourceTree = "<group>"; };
		1E7871F4234778E6009A2561 /* Fit Don't QuitTests.xctest */ = {isa = PBXFileReference; explicitFileType = wrapper.cfbundle; includeInIndex = 0; path = "Fit Don't QuitTests.xctest"; sourceTree = BUILT_PRODUCTS_DIR; };
		1E7871F6234778E6009A2561 /* Fit_Don_t_QuitTests.swift */ = {isa = PBXFileReference; lastKnownFileType = sourcecode.swift; path = Fit_Don_t_QuitTests.swift; sourceTree = "<group>"; };
		1E7871F8234778E6009A2561 /* Info.plist */ = {isa = PBXFileReference; lastKnownFileType = text.plist.xml; path = Info.plist; sourceTree = "<group>"; };
		1E7AD435234A24E5009C141D /* ViewModelPressible.swift */ = {isa = PBXFileReference; lastKnownFileType = sourcecode.swift; path = ViewModelPressible.swift; sourceTree = "<group>"; };
		1E7AD439234A4443009C141D /* EditValueCell.swift */ = {isa = PBXFileReference; lastKnownFileType = sourcecode.swift; path = EditValueCell.swift; sourceTree = "<group>"; };
		1E7AD442234A7537009C141D /* iOs531App-Bridging-Header.h */ = {isa = PBXFileReference; fileEncoding = 4; lastKnownFileType = sourcecode.c.h; name = "iOs531App-Bridging-Header.h"; path = "TPKeyboard/iOs531App-Bridging-Header.h"; sourceTree = "<group>"; };
		1E7AD443234A7537009C141D /* TPKeyboardAvoidingScrollView.m */ = {isa = PBXFileReference; fileEncoding = 4; lastKnownFileType = sourcecode.c.objc; name = TPKeyboardAvoidingScrollView.m; path = TPKeyboard/TPKeyboardAvoidingScrollView.m; sourceTree = "<group>"; };
		1E7AD444234A7537009C141D /* TPKeyboardAvoidingTableView.h */ = {isa = PBXFileReference; fileEncoding = 4; lastKnownFileType = sourcecode.c.h; name = TPKeyboardAvoidingTableView.h; path = TPKeyboard/TPKeyboardAvoidingTableView.h; sourceTree = "<group>"; };
		1E7AD445234A7537009C141D /* UIScrollView+TPKeyboardAvoidingAdditions.h */ = {isa = PBXFileReference; fileEncoding = 4; lastKnownFileType = sourcecode.c.h; name = "UIScrollView+TPKeyboardAvoidingAdditions.h"; path = "TPKeyboard/UIScrollView+TPKeyboardAvoidingAdditions.h"; sourceTree = "<group>"; };
		1E7AD446234A7537009C141D /* UIScrollView+TPKeyboardAvoidingAdditions.m */ = {isa = PBXFileReference; fileEncoding = 4; lastKnownFileType = sourcecode.c.objc; name = "UIScrollView+TPKeyboardAvoidingAdditions.m"; path = "TPKeyboard/UIScrollView+TPKeyboardAvoidingAdditions.m"; sourceTree = "<group>"; };
		1E7AD447234A7537009C141D /* TPKeyboardAvoidingTableView.m */ = {isa = PBXFileReference; fileEncoding = 4; lastKnownFileType = sourcecode.c.objc; name = TPKeyboardAvoidingTableView.m; path = TPKeyboard/TPKeyboardAvoidingTableView.m; sourceTree = "<group>"; };
		1E7AD448234A7537009C141D /* TPKeyboardAvoidingScrollView.h */ = {isa = PBXFileReference; fileEncoding = 4; lastKnownFileType = sourcecode.c.h; name = TPKeyboardAvoidingScrollView.h; path = TPKeyboard/TPKeyboardAvoidingScrollView.h; sourceTree = "<group>"; };
		1E7AD44E234A779E009C141D /* CycleVC.swift */ = {isa = PBXFileReference; fileEncoding = 4; lastKnownFileType = sourcecode.swift; name = CycleVC.swift; path = iOs531App/Cycle/CycleVC.swift; sourceTree = SOURCE_ROOT; };
		1E7AD451234A77C8009C141D /* SettingsController.swift */ = {isa = PBXFileReference; fileEncoding = 4; lastKnownFileType = sourcecode.swift; path = SettingsController.swift; sourceTree = "<group>"; };
		1E7AD452234A77C8009C141D /* AssistanceCell.swift */ = {isa = PBXFileReference; fileEncoding = 4; lastKnownFileType = sourcecode.swift; path = AssistanceCell.swift; sourceTree = "<group>"; };
		1E7AD453234A77C8009C141D /* TimerCell.swift */ = {isa = PBXFileReference; fileEncoding = 4; lastKnownFileType = sourcecode.swift; path = TimerCell.swift; sourceTree = "<group>"; };
		1E7AD454234A77C8009C141D /* TextFieldCell.swift */ = {isa = PBXFileReference; fileEncoding = 4; lastKnownFileType = sourcecode.swift; path = TextFieldCell.swift; sourceTree = "<group>"; };
		1E7AD455234A77C8009C141D /* DayAndLiftPickerCell.swift */ = {isa = PBXFileReference; fileEncoding = 4; lastKnownFileType = sourcecode.swift; path = DayAndLiftPickerCell.swift; sourceTree = "<group>"; };
		1E7AD45B234A77DC009C141D /* WeekDisplayCell.swift */ = {isa = PBXFileReference; fileEncoding = 4; lastKnownFileType = sourcecode.swift; name = WeekDisplayCell.swift; path = iOs531App/Cycle/WeekDisplayCell.swift; sourceTree = SOURCE_ROOT; };
		1E7AD45E234A7A03009C141D /* SettingsData.swift */ = {isa = PBXFileReference; lastKnownFileType = sourcecode.swift; path = SettingsData.swift; sourceTree = "<group>"; };
		1E7AD462234A7A64009C141D /* SettingsVM.swift */ = {isa = PBXFileReference; lastKnownFileType = sourcecode.swift; path = SettingsVM.swift; sourceTree = "<group>"; };
		1E7AD465234A7B24009C141D /* SettingsVC.swift */ = {isa = PBXFileReference; lastKnownFileType = sourcecode.swift; path = SettingsVC.swift; sourceTree = "<group>"; };
		1E7AD469234A7DC3009C141D /* SavedKeys.swift */ = {isa = PBXFileReference; lastKnownFileType = sourcecode.swift; path = SavedKeys.swift; sourceTree = "<group>"; };
		1E7AD470234A9246009C141D /* SchedulePickerVM.swift */ = {isa = PBXFileReference; lastKnownFileType = sourcecode.swift; path = SchedulePickerVM.swift; sourceTree = "<group>"; };
		1E7BFD832346759900695060 /* CycleDb.swift */ = {isa = PBXFileReference; lastKnownFileType = sourcecode.swift; path = CycleDb.swift; sourceTree = "<group>"; };
		1EB22DC1232C0F0800099FBB /* RoundToCell.swift */ = {isa = PBXFileReference; lastKnownFileType = sourcecode.swift; path = RoundToCell.swift; sourceTree = "<group>"; };
		1EBF0BA2232FC43600502394 /* Lift.swift */ = {isa = PBXFileReference; lastKnownFileType = sourcecode.swift; path = Lift.swift; sourceTree = "<group>"; };
		1EF5C4C32341336A00A71C18 /* Extensions.swift */ = {isa = PBXFileReference; fileEncoding = 4; lastKnownFileType = sourcecode.swift; path = Extensions.swift; sourceTree = "<group>"; };
/* End PBXFileReference section */

/* Begin PBXFrameworksBuildPhase section */
		1E68FD2A2323FA1200631945 /* Frameworks */ = {
			isa = PBXFrameworksBuildPhase;
			buildActionMask = 2147483647;
			files = (
				1E7BFD7E2346531A00695060 /* SQLite in Frameworks */,
				1E78720023478B64009A2561 /* SwiftyBeaver in Frameworks */,
			);
			runOnlyForDeploymentPostprocessing = 0;
		};
		1E7871F1234778E6009A2561 /* Frameworks */ = {
			isa = PBXFrameworksBuildPhase;
			buildActionMask = 2147483647;
			files = (
			);
			runOnlyForDeploymentPostprocessing = 0;
		};
/* End PBXFrameworksBuildPhase section */

/* Begin PBXGroup section */
		1E641606234BBD78006815F1 /* Popover */ = {
			isa = PBXGroup;
			children = (
				1E641607234BBD78006815F1 /* AddExerciseVC.swift */,
				1E641608234BBD78006815F1 /* AssistanceCatalogVC.swift */,
				1E641609234BBD78006815F1 /* AssistanceExerciseCell.swift */,
				1E64160A234BBD78006815F1 /* AssistanceInputCell.swift */,
			);
			name = Popover;
			path = AppDelegate/Popover;
			sourceTree = "<group>";
		};
		1E68FD242323FA1200631945 = {
			isa = PBXGroup;
			children = (
				1E68FD2F2323FA1200631945 /* iOs531App */,
				1E7871E5234774F4009A2561 /* Fit Don't QuitTests */,
				1E7871F5234778E6009A2561 /* Fit Don't QuitTests */,
				1E68FD2E2323FA1200631945 /* Products */,
				1E7BFD7823464F1800695060 /* Frameworks */,
			);
			sourceTree = "<group>";
		};
		1E68FD2E2323FA1200631945 /* Products */ = {
			isa = PBXGroup;
			children = (
				1E68FD2D2323FA1200631945 /* Fit Don't Quit.app */,
				1E7871F4234778E6009A2561 /* Fit Don't QuitTests.xctest */,
			);
			name = Products;
			sourceTree = "<group>";
		};
		1E68FD2F2323FA1200631945 /* iOs531App */ = {
			isa = PBXGroup;
			children = (
				1E7AD440234A511A009C141D /* AppDelegate */,
				1E641606234BBD78006815F1 /* Popover */,
				1E7AD441234A514F009C141D /* Main */,
				1E7AD450234A77C8009C141D /* Settings */,
				1EBF0B9E232F9F5500502394 /* Setup */,
				1E7099842347979400EC4AA4 /* Model */,
				1E68FD342323FA1200631945 /* Main.storyboard */,
				1EA611152337AC4F001B3710 /* TPKeyboard */,
				1EF5C4C32341336A00A71C18 /* Extensions.swift */,
				1E68FD372323FA1200631945 /* Assets.xcassets */,
				1E68FD392323FA1200631945 /* LaunchScreen.storyboard */,
				1E68FD3C2323FA1200631945 /* Info.plist */,
			);
			path = iOs531App;
			sourceTree = "<group>";
		};
		1E7099842347979400EC4AA4 /* Model */ = {
			isa = PBXGroup;
			children = (
				1EBF0BA2232FC43600502394 /* Lift.swift */,
				1E7BFD832346759900695060 /* CycleDb.swift */,
				1E7AD469234A7DC3009C141D /* SavedKeys.swift */,
			);
			path = Model;
			sourceTree = "<group>";
		};
		1E7871E5234774F4009A2561 /* Fit Don't QuitTests */ = {
			isa = PBXGroup;
			children = (
				1E7871E6234774F4009A2561 /* Fit_Don_t_QuitTests.swift */,
				1E7871E8234774F4009A2561 /* Info.plist */,
			);
			path = "Fit Don't QuitTests";
			sourceTree = "<group>";
		};
		1E7871F5234778E6009A2561 /* Fit Don't QuitTests */ = {
			isa = PBXGroup;
			children = (
				1E7871F6234778E6009A2561 /* Fit_Don_t_QuitTests.swift */,
				1E7871F8234778E6009A2561 /* Info.plist */,
			);
			path = "Fit Don't QuitTests";
			sourceTree = "<group>";
		};
		1E7AD43B234A50A5009C141D /* Viewmodels */ = {
			isa = PBXGroup;
			children = (
				1E747D2F2348D21400060423 /* SectionVM.swift */,
				1E747D232348C8E200060423 /* RoundToCellVM.swift */,
				1E747D252348C9D200060423 /* EditValueVM.swift */,
				1E747D2D2348D1FF00060423 /* SetupListViewModel.swift */,
				1E747D2B2348CEAD00060423 /* RowViewModel.swift */,
			);
			path = Viewmodels;
			sourceTree = "<group>";
		};
		1E7AD43C234A50C5009C141D /* Protocols */ = {
			isa = PBXGroup;
			children = (
				1E747D292348CE0000060423 /* CellConfigurable.swift */,
				1E7AD435234A24E5009C141D /* ViewModelPressible.swift */,
			);
			path = Protocols;
			sourceTree = "<group>";
		};
		1E7AD43D234A50E4009C141D /* Cells */ = {
			isa = PBXGroup;
			children = (
				1EB22DC1232C0F0800099FBB /* RoundToCell.swift */,
				1E7AD439234A4443009C141D /* EditValueCell.swift */,
			);
			path = Cells;
			sourceTree = "<group>";
		};
		1E7AD43E234A50F2009C141D /* Controllers */ = {
			isa = PBXGroup;
			children = (
				1E68FD322323FA1200631945 /* SetupVC.swift */,
				1E7099822347962B00EC4AA4 /* SetupController.swift */,
			);
			path = Controllers;
			sourceTree = "<group>";
		};
		1E7AD43F234A50FC009C141D /* Data */ = {
			isa = PBXGroup;
			children = (
				1E66D3492347A7B0007F192F /* SetupData.swift */,
			);
			path = Data;
			sourceTree = "<group>";
		};
		1E7AD440234A511A009C141D /* AppDelegate */ = {
			isa = PBXGroup;
			children = (
				1E68FD302323FA1200631945 /* AppDelegate.swift */,
			);
			path = AppDelegate;
			sourceTree = "<group>";
		};
		1E7AD441234A514F009C141D /* Main */ = {
			isa = PBXGroup;
			children = (
				1E7AD44E234A779E009C141D /* CycleVC.swift */,
				1E7AD45B234A77DC009C141D /* WeekDisplayCell.swift */,
			);
			path = Main;
			sourceTree = "<group>";
		};
		1E7AD450234A77C8009C141D /* Settings */ = {
			isa = PBXGroup;
			children = (
				1E7AD464234A7A75009C141D /* Controllers */,
				1E7AD461234A7A18009C141D /* Viewmodels */,
				1E7AD460234A7A0E009C141D /* Cells */,
				1E7AD45D234A79F3009C141D /* Data */,
			);
			path = Settings;
			sourceTree = "<group>";
		};
		1E7AD45D234A79F3009C141D /* Data */ = {
			isa = PBXGroup;
			children = (
				1E7AD45E234A7A03009C141D /* SettingsData.swift */,
			);
			path = Data;
			sourceTree = "<group>";
		};
		1E7AD460234A7A0E009C141D /* Cells */ = {
			isa = PBXGroup;
			children = (
				1E7AD454234A77C8009C141D /* TextFieldCell.swift */,
				1E7AD455234A77C8009C141D /* DayAndLiftPickerCell.swift */,
				1E7AD452234A77C8009C141D /* AssistanceCell.swift */,
				1E7AD453234A77C8009C141D /* TimerCell.swift */,
			);
			path = Cells;
			sourceTree = "<group>";
		};
		1E7AD461234A7A18009C141D /* Viewmodels */ = {
			isa = PBXGroup;
			children = (
				1E7AD462234A7A64009C141D /* SettingsVM.swift */,
				1E7AD470234A9246009C141D /* SchedulePickerVM.swift */,
				1E74A7C6234B6F3900677E76 /* AssistanceCellVM.swift */,
				1E74A7C8234B713000677E76 /* TimerCellVM.swift */,
			);
			path = Viewmodels;
			sourceTree = "<group>";
		};
		1E7AD464234A7A75009C141D /* Controllers */ = {
			isa = PBXGroup;
			children = (
				1E7AD451234A77C8009C141D /* SettingsController.swift */,
				1E7AD465234A7B24009C141D /* SettingsVC.swift */,
			);
			path = Controllers;
			sourceTree = "<group>";
		};
		1E7BFD7823464F1800695060 /* Frameworks */ = {
			isa = PBXGroup;
			children = (
			);
			name = Frameworks;
			sourceTree = "<group>";
		};
		1EA611152337AC4F001B3710 /* TPKeyboard */ = {
			isa = PBXGroup;
			children = (
				1E7AD442234A7537009C141D /* iOs531App-Bridging-Header.h */,
				1E7AD448234A7537009C141D /* TPKeyboardAvoidingScrollView.h */,
				1E7AD443234A7537009C141D /* TPKeyboardAvoidingScrollView.m */,
				1E7AD444234A7537009C141D /* TPKeyboardAvoidingTableView.h */,
				1E7AD447234A7537009C141D /* TPKeyboardAvoidingTableView.m */,
				1E7AD445234A7537009C141D /* UIScrollView+TPKeyboardAvoidingAdditions.h */,
				1E7AD446234A7537009C141D /* UIScrollView+TPKeyboardAvoidingAdditions.m */,
			);
			name = TPKeyboard;
			sourceTree = "<group>";
		};
		1EBF0B9E232F9F5500502394 /* Setup */ = {
			isa = PBXGroup;
			children = (
				1E7AD43F234A50FC009C141D /* Data */,
				1E7AD43E234A50F2009C141D /* Controllers */,
				1E7AD43D234A50E4009C141D /* Cells */,
				1E7AD43C234A50C5009C141D /* Protocols */,
				1E7AD43B234A50A5009C141D /* Viewmodels */,
			);
			path = Setup;
			sourceTree = "<group>";
		};
/* End PBXGroup section */

/* Begin PBXNativeTarget section */
		1E68FD2C2323FA1200631945 /* iOs531App */ = {
			isa = PBXNativeTarget;
			buildConfigurationList = 1E68FD4A2323FA1200631945 /* Build configuration list for PBXNativeTarget "iOs531App" */;
			buildPhases = (
				1E68FD292323FA1200631945 /* Sources */,
				1E68FD2A2323FA1200631945 /* Frameworks */,
				1E68FD2B2323FA1200631945 /* Resources */,
				1E7BFD7B23464F1800695060 /* Embed Frameworks */,
			);
			buildRules = (
			);
			dependencies = (
			);
			name = iOs531App;
			packageProductDependencies = (
				1E7BFD7D2346531A00695060 /* SQLite */,
				1E7871FF23478B64009A2561 /* SwiftyBeaver */,
			);
			productName = iOs531App;
			productReference = 1E68FD2D2323FA1200631945 /* Fit Don't Quit.app */;
			productType = "com.apple.product-type.application";
		};
		1E7871F3234778E6009A2561 /* Fit Don't QuitTests */ = {
			isa = PBXNativeTarget;
			buildConfigurationList = 1E7871FB234778E6009A2561 /* Build configuration list for PBXNativeTarget "Fit Don't QuitTests" */;
			buildPhases = (
				1E7871F0234778E6009A2561 /* Sources */,
				1E7871F1234778E6009A2561 /* Frameworks */,
				1E7871F2234778E6009A2561 /* Resources */,
			);
			buildRules = (
			);
			dependencies = (
				1E7871FA234778E6009A2561 /* PBXTargetDependency */,
			);
			name = "Fit Don't QuitTests";
			productName = "Fit Don't QuitTests";
			productReference = 1E7871F4234778E6009A2561 /* Fit Don't QuitTests.xctest */;
			productType = "com.apple.product-type.bundle.unit-test";
		};
/* End PBXNativeTarget section */

/* Begin PBXProject section */
		1E68FD252323FA1200631945 /* Project object */ = {
			isa = PBXProject;
			attributes = {
				LastSwiftUpdateCheck = 1100;
				LastUpgradeCheck = 1030;
				ORGANIZATIONNAME = "Kevin Li";
				TargetAttributes = {
					1E68FD2C2323FA1200631945 = {
						CreatedOnToolsVersion = 10.3;
						LastSwiftMigration = 1100;
					};
					1E7871F3234778E6009A2561 = {
						CreatedOnToolsVersion = 11.0;
						TestTargetID = 1E68FD2C2323FA1200631945;
					};
				};
			};
			buildConfigurationList = 1E68FD282323FA1200631945 /* Build configuration list for PBXProject "iOs531App" */;
			compatibilityVersion = "Xcode 9.3";
			developmentRegion = en;
			hasScannedForEncodings = 0;
			knownRegions = (
				en,
				Base,
			);
			mainGroup = 1E68FD242323FA1200631945;
			packageReferences = (
				1E7BFD7C2346531A00695060 /* XCRemoteSwiftPackageReference "SQLite" */,
				1E7871FE23478B64009A2561 /* XCRemoteSwiftPackageReference "SwiftyBeaver" */,
			);
			productRefGroup = 1E68FD2E2323FA1200631945 /* Products */;
			projectDirPath = "";
			projectRoot = "";
			targets = (
				1E68FD2C2323FA1200631945 /* iOs531App */,
				1E7871F3234778E6009A2561 /* Fit Don't QuitTests */,
			);
		};
/* End PBXProject section */

/* Begin PBXResourcesBuildPhase section */
		1E68FD2B2323FA1200631945 /* Resources */ = {
			isa = PBXResourcesBuildPhase;
			buildActionMask = 2147483647;
			files = (
				1E68FD3B2323FA1200631945 /* LaunchScreen.storyboard in Resources */,
				1E68FD382323FA1200631945 /* Assets.xcassets in Resources */,
				1E68FD362323FA1200631945 /* Main.storyboard in Resources */,
			);
			runOnlyForDeploymentPostprocessing = 0;
		};
		1E7871F2234778E6009A2561 /* Resources */ = {
			isa = PBXResourcesBuildPhase;
			buildActionMask = 2147483647;
			files = (
			);
			runOnlyForDeploymentPostprocessing = 0;
		};
/* End PBXResourcesBuildPhase section */

/* Begin PBXSourcesBuildPhase section */
		1E68FD292323FA1200631945 /* Sources */ = {
			isa = PBXSourcesBuildPhase;
			buildActionMask = 2147483647;
			files = (
				1E74A7C9234B713000677E76 /* TimerCellVM.swift in Sources */,
				1E747D2C2348CEAD00060423 /* RowViewModel.swift in Sources */,
				1E7AD43A234A4443009C141D /* EditValueCell.swift in Sources */,
				1E747D2E2348D1FF00060423 /* SetupListViewModel.swift in Sources */,
				1E64160B234BBD78006815F1 /* AddExerciseVC.swift in Sources */,
				1E7AD46B234A80A2009C141D /* SetupController.swift in Sources */,
				1E7AD45F234A7A03009C141D /* SettingsData.swift in Sources */,
				1E747D2A2348CE0000060423 /* CellConfigurable.swift in Sources */,
				1E74A7C7234B6F3900677E76 /* AssistanceCellVM.swift in Sources */,
				1E64160D234BBD78006815F1 /* AssistanceExerciseCell.swift in Sources */,
				1E7AD436234A24E5009C141D /* ViewModelPressible.swift in Sources */,
				1E68FD332323FA1200631945 /* SetupVC.swift in Sources */,
				1E7AD45C234A77DC009C141D /* WeekDisplayCell.swift in Sources */,
				1EBF0BA3232FC43600502394 /* Lift.swift in Sources */,
				1E7AD463234A7A64009C141D /* SettingsVM.swift in Sources */,
				1E7BFD842346759900695060 /* CycleDb.swift in Sources */,
				1E7AD44F234A779E009C141D /* CycleVC.swift in Sources */,
				1E7AD468234A7D53009C141D /* SettingsController.swift in Sources */,
				1E747D262348C9D200060423 /* EditValueVM.swift in Sources */,
				1E64160E234BBD78006815F1 /* AssistanceInputCell.swift in Sources */,
				1E68FD312323FA1200631945 /* AppDelegate.swift in Sources */,
				1E747D302348D21400060423 /* SectionVM.swift in Sources */,
				1E7AD44B234A7537009C141D /* TPKeyboardAvoidingTableView.m in Sources */,
				1E747D242348C8E200060423 /* RoundToCellVM.swift in Sources */,
				1E7AD472234A959E009C141D /* DayAndLiftPickerCell.swift in Sources */,
				1E7AD471234A9246009C141D /* SchedulePickerVM.swift in Sources */,
				1E7AD44A234A7537009C141D /* UIScrollView+TPKeyboardAvoidingAdditions.m in Sources */,
				1E7AD46C234A80AF009C141D /* SavedKeys.swift in Sources */,
				1E7AD46F234A8D34009C141D /* TextFieldCell.swift in Sources */,
				1E7AD449234A7537009C141D /* TPKeyboardAvoidingScrollView.m in Sources */,
				1E7AD458234A77C8009C141D /* TimerCell.swift in Sources */,
				1E64160C234BBD78006815F1 /* AssistanceCatalogVC.swift in Sources */,
				1EB22DC2232C0F0800099FBB /* RoundToCell.swift in Sources */,
				1EF5C4C42341336A00A71C18 /* Extensions.swift in Sources */,
				1E66D34A2347A7B0007F192F /* SetupData.swift in Sources */,
				1E7AD466234A7B24009C141D /* SettingsVC.swift in Sources */,
				1E7AD457234A77C8009C141D /* AssistanceCell.swift in Sources */,
			);
			runOnlyForDeploymentPostprocessing = 0;
		};
		1E7871F0234778E6009A2561 /* Sources */ = {
			isa = PBXSourcesBuildPhase;
			buildActionMask = 2147483647;
			files = (
				1E7871F7234778E6009A2561 /* Fit_Don_t_QuitTests.swift in Sources */,
			);
			runOnlyForDeploymentPostprocessing = 0;
		};
/* End PBXSourcesBuildPhase section */

/* Begin PBXTargetDependency section */
		1E7871FA234778E6009A2561 /* PBXTargetDependency */ = {
			isa = PBXTargetDependency;
			target = 1E68FD2C2323FA1200631945 /* iOs531App */;
			targetProxy = 1E7871F9234778E6009A2561 /* PBXContainerItemProxy */;
		};
/* End PBXTargetDependency section */

/* Begin PBXVariantGroup section */
		1E68FD342323FA1200631945 /* Main.storyboard */ = {
			isa = PBXVariantGroup;
			children = (
				1E68FD352323FA1200631945 /* Base */,
			);
			name = Main.storyboard;
			sourceTree = "<group>";
		};
		1E68FD392323FA1200631945 /* LaunchScreen.storyboard */ = {
			isa = PBXVariantGroup;
			children = (
				1E68FD3A2323FA1200631945 /* Base */,
			);
			name = LaunchScreen.storyboard;
			sourceTree = "<group>";
		};
/* End PBXVariantGroup section */

/* Begin XCBuildConfiguration section */
		1E68FD482323FA1200631945 /* Debug */ = {
			isa = XCBuildConfiguration;
			buildSettings = {
				ALWAYS_SEARCH_USER_PATHS = NO;
				CLANG_ANALYZER_NONNULL = YES;
				CLANG_ANALYZER_NUMBER_OBJECT_CONVERSION = YES_AGGRESSIVE;
				CLANG_CXX_LANGUAGE_STANDARD = "gnu++14";
				CLANG_CXX_LIBRARY = "libc++";
				CLANG_ENABLE_MODULES = YES;
				CLANG_ENABLE_OBJC_ARC = YES;
				CLANG_ENABLE_OBJC_WEAK = YES;
				CLANG_WARN_BLOCK_CAPTURE_AUTORELEASING = YES;
				CLANG_WARN_BOOL_CONVERSION = YES;
				CLANG_WARN_COMMA = YES;
				CLANG_WARN_CONSTANT_CONVERSION = YES;
				CLANG_WARN_DEPRECATED_OBJC_IMPLEMENTATIONS = YES;
				CLANG_WARN_DIRECT_OBJC_ISA_USAGE = YES_ERROR;
				CLANG_WARN_DOCUMENTATION_COMMENTS = YES;
				CLANG_WARN_EMPTY_BODY = YES;
				CLANG_WARN_ENUM_CONVERSION = YES;
				CLANG_WARN_INFINITE_RECURSION = YES;
				CLANG_WARN_INT_CONVERSION = YES;
				CLANG_WARN_NON_LITERAL_NULL_CONVERSION = YES;
				CLANG_WARN_OBJC_IMPLICIT_RETAIN_SELF = YES;
				CLANG_WARN_OBJC_LITERAL_CONVERSION = YES;
				CLANG_WARN_OBJC_ROOT_CLASS = YES_ERROR;
				CLANG_WARN_RANGE_LOOP_ANALYSIS = YES;
				CLANG_WARN_STRICT_PROTOTYPES = YES;
				CLANG_WARN_SUSPICIOUS_MOVE = YES;
				CLANG_WARN_UNGUARDED_AVAILABILITY = YES_AGGRESSIVE;
				CLANG_WARN_UNREACHABLE_CODE = YES;
				CLANG_WARN__DUPLICATE_METHOD_MATCH = YES;
				CODE_SIGN_IDENTITY = "iPhone Developer";
				COPY_PHASE_STRIP = NO;
				DEBUG_INFORMATION_FORMAT = dwarf;
				ENABLE_STRICT_OBJC_MSGSEND = YES;
				ENABLE_TESTABILITY = YES;
				GCC_C_LANGUAGE_STANDARD = gnu11;
				GCC_DYNAMIC_NO_PIC = NO;
				GCC_NO_COMMON_BLOCKS = YES;
				GCC_OPTIMIZATION_LEVEL = 0;
				GCC_PREPROCESSOR_DEFINITIONS = (
					"DEBUG=1",
					"$(inherited)",
				);
				GCC_WARN_64_TO_32_BIT_CONVERSION = YES;
				GCC_WARN_ABOUT_RETURN_TYPE = YES_ERROR;
				GCC_WARN_UNDECLARED_SELECTOR = YES;
				GCC_WARN_UNINITIALIZED_AUTOS = YES_AGGRESSIVE;
				GCC_WARN_UNUSED_FUNCTION = YES;
				GCC_WARN_UNUSED_VARIABLE = YES;
				IPHONEOS_DEPLOYMENT_TARGET = 12.4;
				MTL_ENABLE_DEBUG_INFO = INCLUDE_SOURCE;
				MTL_FAST_MATH = YES;
				ONLY_ACTIVE_ARCH = YES;
				SDKROOT = iphoneos;
				SWIFT_ACTIVE_COMPILATION_CONDITIONS = DEBUG;
				SWIFT_OPTIMIZATION_LEVEL = "-Onone";
			};
			name = Debug;
		};
		1E68FD492323FA1200631945 /* Release */ = {
			isa = XCBuildConfiguration;
			buildSettings = {
				ALWAYS_SEARCH_USER_PATHS = NO;
				CLANG_ANALYZER_NONNULL = YES;
				CLANG_ANALYZER_NUMBER_OBJECT_CONVERSION = YES_AGGRESSIVE;
				CLANG_CXX_LANGUAGE_STANDARD = "gnu++14";
				CLANG_CXX_LIBRARY = "libc++";
				CLANG_ENABLE_MODULES = YES;
				CLANG_ENABLE_OBJC_ARC = YES;
				CLANG_ENABLE_OBJC_WEAK = YES;
				CLANG_WARN_BLOCK_CAPTURE_AUTORELEASING = YES;
				CLANG_WARN_BOOL_CONVERSION = YES;
				CLANG_WARN_COMMA = YES;
				CLANG_WARN_CONSTANT_CONVERSION = YES;
				CLANG_WARN_DEPRECATED_OBJC_IMPLEMENTATIONS = YES;
				CLANG_WARN_DIRECT_OBJC_ISA_USAGE = YES_ERROR;
				CLANG_WARN_DOCUMENTATION_COMMENTS = YES;
				CLANG_WARN_EMPTY_BODY = YES;
				CLANG_WARN_ENUM_CONVERSION = YES;
				CLANG_WARN_INFINITE_RECURSION = YES;
				CLANG_WARN_INT_CONVERSION = YES;
				CLANG_WARN_NON_LITERAL_NULL_CONVERSION = YES;
				CLANG_WARN_OBJC_IMPLICIT_RETAIN_SELF = YES;
				CLANG_WARN_OBJC_LITERAL_CONVERSION = YES;
				CLANG_WARN_OBJC_ROOT_CLASS = YES_ERROR;
				CLANG_WARN_RANGE_LOOP_ANALYSIS = YES;
				CLANG_WARN_STRICT_PROTOTYPES = YES;
				CLANG_WARN_SUSPICIOUS_MOVE = YES;
				CLANG_WARN_UNGUARDED_AVAILABILITY = YES_AGGRESSIVE;
				CLANG_WARN_UNREACHABLE_CODE = YES;
				CLANG_WARN__DUPLICATE_METHOD_MATCH = YES;
				CODE_SIGN_IDENTITY = "iPhone Developer";
				COPY_PHASE_STRIP = NO;
				DEBUG_INFORMATION_FORMAT = "dwarf-with-dsym";
				ENABLE_NS_ASSERTIONS = NO;
				ENABLE_STRICT_OBJC_MSGSEND = YES;
				GCC_C_LANGUAGE_STANDARD = gnu11;
				GCC_NO_COMMON_BLOCKS = YES;
				GCC_WARN_64_TO_32_BIT_CONVERSION = YES;
				GCC_WARN_ABOUT_RETURN_TYPE = YES_ERROR;
				GCC_WARN_UNDECLARED_SELECTOR = YES;
				GCC_WARN_UNINITIALIZED_AUTOS = YES_AGGRESSIVE;
				GCC_WARN_UNUSED_FUNCTION = YES;
				GCC_WARN_UNUSED_VARIABLE = YES;
				IPHONEOS_DEPLOYMENT_TARGET = 12.4;
				MTL_ENABLE_DEBUG_INFO = NO;
				MTL_FAST_MATH = YES;
				SDKROOT = iphoneos;
				SWIFT_COMPILATION_MODE = wholemodule;
				SWIFT_OPTIMIZATION_LEVEL = "-O";
				VALIDATE_PRODUCT = YES;
			};
			name = Release;
		};
		1E68FD4B2323FA1200631945 /* Debug */ = {
			isa = XCBuildConfiguration;
			buildSettings = {
				ASSETCATALOG_COMPILER_APPICON_NAME = AppIcon;
				CLANG_ENABLE_MODULES = YES;
				CODE_SIGN_STYLE = Automatic;
				DEVELOPMENT_TEAM = 75H2NCGMKS;
				INFOPLIST_FILE = iOs531App/Info.plist;
				LD_RUNPATH_SEARCH_PATHS = (
					"$(inherited)",
					"@executable_path/Frameworks",
				);
				PRODUCT_BUNDLE_IDENTIFIER = com.kevinli.iOs531App;
				PRODUCT_NAME = "Fit Don't Quit";
				SWIFT_OBJC_BRIDGING_HEADER = "iOs531App/iOs531App-Bridging-Header.h";
				SWIFT_OPTIMIZATION_LEVEL = "-Onone";
				SWIFT_VERSION = 5.0;
				TARGETED_DEVICE_FAMILY = "1,2";
			};
			name = Debug;
		};
		1E68FD4C2323FA1200631945 /* Release */ = {
			isa = XCBuildConfiguration;
			buildSettings = {
				ASSETCATALOG_COMPILER_APPICON_NAME = AppIcon;
				CLANG_ENABLE_MODULES = YES;
				CODE_SIGN_STYLE = Automatic;
				DEVELOPMENT_TEAM = 75H2NCGMKS;
				INFOPLIST_FILE = iOs531App/Info.plist;
				LD_RUNPATH_SEARCH_PATHS = (
					"$(inherited)",
					"@executable_path/Frameworks",
				);
				PRODUCT_BUNDLE_IDENTIFIER = com.kevinli.iOs531App;
				PRODUCT_NAME = "Fit Don't Quit";
				SWIFT_OBJC_BRIDGING_HEADER = "iOs531App/iOs531App-Bridging-Header.h";
				SWIFT_VERSION = 5.0;
				TARGETED_DEVICE_FAMILY = "1,2";
			};
			name = Release;
		};
		1E7871FC234778E6009A2561 /* Debug */ = {
			isa = XCBuildConfiguration;
			buildSettings = {
				BUNDLE_LOADER = "$(TEST_HOST)";
				CODE_SIGN_STYLE = Automatic;
				DEVELOPMENT_TEAM = 75H2NCGMKS;
				INFOPLIST_FILE = "Fit Don't QuitTests/Info.plist";
				IPHONEOS_DEPLOYMENT_TARGET = 13.0;
				LD_RUNPATH_SEARCH_PATHS = (
					"$(inherited)",
					"@executable_path/Frameworks",
					"@loader_path/Frameworks",
				);
				PRODUCT_BUNDLE_IDENTIFIER = "com.kevinli.Fit-Don-t-QuitTests";
				PRODUCT_NAME = "$(TARGET_NAME)";
				SWIFT_VERSION = 5.0;
				TARGETED_DEVICE_FAMILY = "1,2";
				TEST_HOST = "$(BUILT_PRODUCTS_DIR)/Fit Don't Quit.app/Fit Don't Quit";
			};
			name = Debug;
		};
		1E7871FD234778E6009A2561 /* Release */ = {
			isa = XCBuildConfiguration;
			buildSettings = {
				BUNDLE_LOADER = "$(TEST_HOST)";
				CODE_SIGN_STYLE = Automatic;
				DEVELOPMENT_TEAM = 75H2NCGMKS;
				INFOPLIST_FILE = "Fit Don't QuitTests/Info.plist";
				IPHONEOS_DEPLOYMENT_TARGET = 13.0;
				LD_RUNPATH_SEARCH_PATHS = (
					"$(inherited)",
					"@executable_path/Frameworks",
					"@loader_path/Frameworks",
				);
				PRODUCT_BUNDLE_IDENTIFIER = "com.kevinli.Fit-Don-t-QuitTests";
				PRODUCT_NAME = "$(TARGET_NAME)";
				SWIFT_VERSION = 5.0;
				TARGETED_DEVICE_FAMILY = "1,2";
				TEST_HOST = "$(BUILT_PRODUCTS_DIR)/Fit Don't Quit.app/Fit Don't Quit";
			};
			name = Release;
		};
/* End XCBuildConfiguration section */

/* Begin XCConfigurationList section */
		1E68FD282323FA1200631945 /* Build configuration list for PBXProject "iOs531App" */ = {
			isa = XCConfigurationList;
			buildConfigurations = (
				1E68FD482323FA1200631945 /* Debug */,
				1E68FD492323FA1200631945 /* Release */,
			);
			defaultConfigurationIsVisible = 0;
			defaultConfigurationName = Release;
		};
		1E68FD4A2323FA1200631945 /* Build configuration list for PBXNativeTarget "iOs531App" */ = {
			isa = XCConfigurationList;
			buildConfigurations = (
				1E68FD4B2323FA1200631945 /* Debug */,
				1E68FD4C2323FA1200631945 /* Release */,
			);
			defaultConfigurationIsVisible = 0;
			defaultConfigurationName = Release;
		};
		1E7871FB234778E6009A2561 /* Build configuration list for PBXNativeTarget "Fit Don't QuitTests" */ = {
			isa = XCConfigurationList;
			buildConfigurations = (
				1E7871FC234778E6009A2561 /* Debug */,
				1E7871FD234778E6009A2561 /* Release */,
			);
			defaultConfigurationIsVisible = 0;
			defaultConfigurationName = Release;
		};
/* End XCConfigurationList section */

/* Begin XCRemoteSwiftPackageReference section */
		1E7871FE23478B64009A2561 /* XCRemoteSwiftPackageReference "SwiftyBeaver" */ = {
			isa = XCRemoteSwiftPackageReference;
			repositoryURL = "https://github.com/SwiftyBeaver/SwiftyBeaver.git";
			requirement = {
				kind = upToNextMajorVersion;
				minimumVersion = 1.8.2;
			};
		};
		1E7BFD7C2346531A00695060 /* XCRemoteSwiftPackageReference "SQLite" */ = {
			isa = XCRemoteSwiftPackageReference;
			repositoryURL = "https://github.com/stephencelis/SQLite.swift";
			requirement = {
				kind = upToNextMajorVersion;
				minimumVersion = 0.12.2;
			};
		};
/* End XCRemoteSwiftPackageReference section */

/* Begin XCSwiftPackageProductDependency section */
		1E7871FF23478B64009A2561 /* SwiftyBeaver */ = {
			isa = XCSwiftPackageProductDependency;
			package = 1E7871FE23478B64009A2561 /* XCRemoteSwiftPackageReference "SwiftyBeaver" */;
			productName = SwiftyBeaver;
		};
		1E7BFD7D2346531A00695060 /* SQLite */ = {
			isa = XCSwiftPackageProductDependency;
			package = 1E7BFD7C2346531A00695060 /* XCRemoteSwiftPackageReference "SQLite" */;
			productName = SQLite;
		};
/* End XCSwiftPackageProductDependency section */
	};
	rootObject = 1E68FD252323FA1200631945 /* Project object */;
}
